// !$*UTF8*$!
{
	archiveVersion = 1;
	classes = {
	};
	objectVersion = 46;
	objects = {

/* Begin PBXBuildFile section */
		E430E7671AC17D7C0036506D /* KaartViewController.swift in Sources */ = {isa = PBXBuildFile; fileRef = E430E7661AC17D7C0036506D /* KaartViewController.swift */; };
		E430E76B1AC18E9E0036506D /* Pinpoint.swift in Sources */ = {isa = PBXBuildFile; fileRef = E430E76A1AC18E9E0036506D /* Pinpoint.swift */; };
		E430E7751AC1A3540036506D /* JSONDownloader.swift in Sources */ = {isa = PBXBuildFile; fileRef = E430E7741AC1A3540036506D /* JSONDownloader.swift */; };
		E430E77A1AC1A4FE0036506D /* Localizable.strings in Resources */ = {isa = PBXBuildFile; fileRef = E430E77C1AC1A4FE0036506D /* Localizable.strings */; };
		E430E79C1AC408EA0036506D /* Roboto-Regular.ttf in Resources */ = {isa = PBXBuildFile; fileRef = E430E79B1AC408EA0036506D /* Roboto-Regular.ttf */; };
		E430E79E1AC409550036506D /* Fonts.swift in Sources */ = {isa = PBXBuildFile; fileRef = E430E79D1AC409550036506D /* Fonts.swift */; };
		E430E7D71AC418E60036506D /* ImageIO.framework in Frameworks */ = {isa = PBXBuildFile; fileRef = E430E7D61AC418E60036506D /* ImageIO.framework */; };
		E430E7DA1AC41DA00036506D /* Utils.swift in Sources */ = {isa = PBXBuildFile; fileRef = E430E7D91AC41DA00036506D /* Utils.swift */; };
		E43809701B0B45320030B792 /* AudioToolbox.framework in Frameworks */ = {isa = PBXBuildFile; fileRef = E438096F1B0B45320030B792 /* AudioToolbox.framework */; };
		E43809771B0B573D0030B792 /* score-biomimicry.png in Resources */ = {isa = PBXBuildFile; fileRef = E43809721B0B573D0030B792 /* score-biomimicry.png */; };
		E43809781B0B573D0030B792 /* score-energie.png in Resources */ = {isa = PBXBuildFile; fileRef = E43809731B0B573D0030B792 /* score-energie.png */; };
		E43809791B0B573D0030B792 /* score-water.png in Resources */ = {isa = PBXBuildFile; fileRef = E43809741B0B573D0030B792 /* score-water.png */; };
		E438097A1B0B573D0030B792 /* score-materialen.png in Resources */ = {isa = PBXBuildFile; fileRef = E43809751B0B573D0030B792 /* score-materialen.png */; };
		E438097B1B0B573D0030B792 /* score-dierenwelzijn.png in Resources */ = {isa = PBXBuildFile; fileRef = E43809761B0B573D0030B792 /* score-dierenwelzijn.png */; };
		E438097D1B0B699B0030B792 /* Score.swift in Sources */ = {isa = PBXBuildFile; fileRef = E438097C1B0B699B0030B792 /* Score.swift */; };
		E438097F1B0C90130030B792 /* element-dierenwelzijn.png in Resources */ = {isa = PBXBuildFile; fileRef = E438097E1B0C90130030B792 /* element-dierenwelzijn.png */; };
		E43809811B0CA84A0030B792 /* WildlandsGradient.swift in Sources */ = {isa = PBXBuildFile; fileRef = E43809801B0CA84A0030B792 /* WildlandsGradient.swift */; };
		E43809831B0CB2C00030B792 /* Dierenwelzijn-pin.png in Resources */ = {isa = PBXBuildFile; fileRef = E43809821B0CB2C00030B792 /* Dierenwelzijn-pin.png */; };
		E43809871B0CB44E0030B792 /* element-fadebg.png in Resources */ = {isa = PBXBuildFile; fileRef = E43809861B0CB44E0030B792 /* element-fadebg.png */; };
		E43809891B0CBE900030B792 /* Credits.png in Resources */ = {isa = PBXBuildFile; fileRef = E43809881B0CBE900030B792 /* Credits.png */; };
		E43809911B0CC2B40030B792 /* ButtonParticles.sks in Resources */ = {isa = PBXBuildFile; fileRef = E438098F1B0CC2B40030B792 /* ButtonParticles.sks */; };
		E43809921B0CC2B40030B792 /* spark.png in Resources */ = {isa = PBXBuildFile; fileRef = E43809901B0CC2B40030B792 /* spark.png */; };
		E43809941B0CC3760030B792 /* SpriteKit.framework in Frameworks */ = {isa = PBXBuildFile; fileRef = E43809931B0CC3760030B792 /* SpriteKit.framework */; };
		E44D75741AF3870000EC9D5E /* Bio Mimicry-header.png in Resources */ = {isa = PBXBuildFile; fileRef = E44D75701AF3870000EC9D5E /* Bio Mimicry-header.png */; };
		E44D75751AF3870000EC9D5E /* Materiaal-header.png in Resources */ = {isa = PBXBuildFile; fileRef = E44D75711AF3870000EC9D5E /* Materiaal-header.png */; };
		E44D75761AF3870000EC9D5E /* Water-header.png in Resources */ = {isa = PBXBuildFile; fileRef = E44D75721AF3870000EC9D5E /* Water-header.png */; };
		E44D75771AF3870000EC9D5E /* Energie-header.png in Resources */ = {isa = PBXBuildFile; fileRef = E44D75731AF3870000EC9D5E /* Energie-header.png */; };
		E44D757D1AF3876200EC9D5E /* Bio Mimicry-close.png in Resources */ = {isa = PBXBuildFile; fileRef = E44D75791AF3876200EC9D5E /* Bio Mimicry-close.png */; };
		E44D757E1AF3876200EC9D5E /* Materiaal-close.png in Resources */ = {isa = PBXBuildFile; fileRef = E44D757A1AF3876200EC9D5E /* Materiaal-close.png */; };
		E44D757F1AF3876200EC9D5E /* Water-close.png in Resources */ = {isa = PBXBuildFile; fileRef = E44D757B1AF3876200EC9D5E /* Water-close.png */; };
		E44D75801AF3876200EC9D5E /* Energie-close.png in Resources */ = {isa = PBXBuildFile; fileRef = E44D757C1AF3876200EC9D5E /* Energie-close.png */; };
		E44D75821AF3879A00EC9D5E /* Bio Mimicry-pin.png in Resources */ = {isa = PBXBuildFile; fileRef = E44D75811AF3879A00EC9D5E /* Bio Mimicry-pin.png */; };
		E44D75841AF3A7C400EC9D5E /* DownloadViewController.swift in Sources */ = {isa = PBXBuildFile; fileRef = E44D75831AF3A7C400EC9D5E /* DownloadViewController.swift */; };
		E44FE8F11ADD1F73006DD395 /* WildlandsGPS.swift in Sources */ = {isa = PBXBuildFile; fileRef = E44FE8F01ADD1F73006DD395 /* WildlandsGPS.swift */; };
		E44FE8F41ADD20B1006DD395 /* Question.swift in Sources */ = {isa = PBXBuildFile; fileRef = E44FE8F31ADD20B1006DD395 /* Question.swift */; };
		E44FE90B1ADD2117006DD395 /* bushbush.png in Resources */ = {isa = PBXBuildFile; fileRef = E44FE8F81ADD2117006DD395 /* bushbush.png */; };
		E44FE90C1ADD2117006DD395 /* iceicebaby.png in Resources */ = {isa = PBXBuildFile; fileRef = E44FE8F91ADD2117006DD395 /* iceicebaby.png */; };
		E44FE90F1ADD2117006DD395 /* logo_wildlands.png in Resources */ = {isa = PBXBuildFile; fileRef = E44FE8FC1ADD2117006DD395 /* logo_wildlands.png */; };
		E44FE91C1ADD3BFD006DD395 /* spot.png in Resources */ = {isa = PBXBuildFile; fileRef = E44FE91B1ADD3BFD006DD395 /* spot.png */; };
		E44FE9221ADE6A66006DD395 /* TestGPS.gpx in Resources */ = {isa = PBXBuildFile; fileRef = E44FE9211ADE6A66006DD395 /* TestGPS.gpx */; };
		E44FE9241ADE7880006DD395 /* stenden.gpx in Resources */ = {isa = PBXBuildFile; fileRef = E44FE9231ADE7880006DD395 /* stenden.gpx */; };
		E44FE9261ADE7AF4006DD395 /* stenden-2.gpx in Resources */ = {isa = PBXBuildFile; fileRef = E44FE9251ADE7AF4006DD395 /* stenden-2.gpx */; };
		E4627FF61ABAE1CD003B9229 /* Colors.swift in Sources */ = {isa = PBXBuildFile; fileRef = E4627FF51ABAE1CD003B9229 /* Colors.swift */; };
		E48FD5511AE91E59000C1CFA /* ContentPage.swift in Sources */ = {isa = PBXBuildFile; fileRef = E48FD5501AE91E59000C1CFA /* ContentPage.swift */; };
		E495EB3A1B00D37000C136C7 /* QuizBeforeStartViewController.swift in Sources */ = {isa = PBXBuildFile; fileRef = E495EB391B00D37000C136C7 /* QuizBeforeStartViewController.swift */; };
		E4A6406C1B028BD0003E2CEC /* QuizDidEndViewController.swift in Sources */ = {isa = PBXBuildFile; fileRef = E4A6406B1B028BD0003E2CEC /* QuizDidEndViewController.swift */; };
		E4AA96011B09FB7A00B3AAC3 /* ChooseDoelgroepViewController.swift in Sources */ = {isa = PBXBuildFile; fileRef = E4AA96001B09FB7A00B3AAC3 /* ChooseDoelgroepViewController.swift */; };
		E4AA96031B09FFEA00B3AAC3 /* dierenwelzijn-button.png in Resources */ = {isa = PBXBuildFile; fileRef = E4AA96021B09FFEA00B3AAC3 /* dierenwelzijn-button.png */; };
		E4AA96051B0A067600B3AAC3 /* Dierenwelzijn-header.png in Resources */ = {isa = PBXBuildFile; fileRef = E4AA96041B0A067600B3AAC3 /* Dierenwelzijn-header.png */; };
		E4AA96071B0A068600B3AAC3 /* Dierenwelzijn-close.png in Resources */ = {isa = PBXBuildFile; fileRef = E4AA96061B0A068600B3AAC3 /* Dierenwelzijn-close.png */; };
		E4AA960B1B0A09C400B3AAC3 /* WildlandsButton.swift in Sources */ = {isa = PBXBuildFile; fileRef = E4AA960A1B0A09C400B3AAC3 /* WildlandsButton.swift */; };
		E4AA960D1B0A180C00B3AAC3 /* Level.swift in Sources */ = {isa = PBXBuildFile; fileRef = E4AA960C1B0A180C00B3AAC3 /* Level.swift */; };
		E4B6E6711AEA4D1D0033CD3A /* ChooseSubjectViewController.swift in Sources */ = {isa = PBXBuildFile; fileRef = E4B6E6701AEA4D1D0033CD3A /* ChooseSubjectViewController.swift */; };
		E4C1903D1AE7A7ED00FC2800 /* ContentPageView.swift in Sources */ = {isa = PBXBuildFile; fileRef = E4C1903C1AE7A7ED00FC2800 /* ContentPageView.swift */; };
		E4C190411AE7C4DD00FC2800 /* PopupView.swift in Sources */ = {isa = PBXBuildFile; fileRef = E4C190401AE7C4DD00FC2800 /* PopupView.swift */; };
		E4C20DEA1AB9A2EC00A911B5 /* AppDelegate.swift in Sources */ = {isa = PBXBuildFile; fileRef = E4C20DE91AB9A2EC00A911B5 /* AppDelegate.swift */; };
		E4C20DEF1AB9A2EC00A911B5 /* Main.storyboard in Resources */ = {isa = PBXBuildFile; fileRef = E4C20DED1AB9A2EC00A911B5 /* Main.storyboard */; };
		E4C20DF11AB9A2EC00A911B5 /* Images.xcassets in Resources */ = {isa = PBXBuildFile; fileRef = E4C20DF01AB9A2EC00A911B5 /* Images.xcassets */; };
		E4C20DF41AB9A2EC00A911B5 /* LaunchScreen.xib in Resources */ = {isa = PBXBuildFile; fileRef = E4C20DF21AB9A2EC00A911B5 /* LaunchScreen.xib */; };
		E4C20E001AB9A2EC00A911B5 /* WildlandsTests.swift in Sources */ = {isa = PBXBuildFile; fileRef = E4C20DFF1AB9A2EC00A911B5 /* WildlandsTests.swift */; };
		E4C20E0C1AB9AA2900A911B5 /* QuizViewController.swift in Sources */ = {isa = PBXBuildFile; fileRef = E4C20E0B1AB9AA2900A911B5 /* QuizViewController.swift */; };
		E4C20E0E1AB9AAF600A911B5 /* Answer.swift in Sources */ = {isa = PBXBuildFile; fileRef = E4C20E0D1AB9AAF600A911B5 /* Answer.swift */; };
		E4C84D501AEF87E500A208EF /* wildlands-regular.ttf in Resources */ = {isa = PBXBuildFile; fileRef = E4C84D4F1AEF87E500A208EF /* wildlands-regular.ttf */; };
		E4C84D521AEF8DB600A208EF /* speedletter-regular.ttf in Resources */ = {isa = PBXBuildFile; fileRef = E4C84D511AEF8DB600A208EF /* speedletter-regular.ttf */; };
		E4DEEB421AF0D0C5002B6434 /* NoAnimationSegue.swift in Sources */ = {isa = PBXBuildFile; fileRef = E4DEEB411AF0D0C5002B6434 /* NoAnimationSegue.swift */; };
		E4DEEB481AF0DAE7002B6434 /* stroke_green.png in Resources */ = {isa = PBXBuildFile; fileRef = E4DEEB471AF0DAE7002B6434 /* stroke_green.png */; };
		E4DEEB4A1AF0E201002B6434 /* QuizChooseViewController.swift in Sources */ = {isa = PBXBuildFile; fileRef = E4DEEB491AF0E201002B6434 /* QuizChooseViewController.swift */; };
		E4DEEB4C1AF0E8EE002B6434 /* JoinQuizViewController.swift in Sources */ = {isa = PBXBuildFile; fileRef = E4DEEB4B1AF0E8EE002B6434 /* JoinQuizViewController.swift */; };
		E4DEEB4E1AF0F4A4002B6434 /* WaitForQuizStartViewController.swift in Sources */ = {isa = PBXBuildFile; fileRef = E4DEEB4D1AF0F4A4002B6434 /* WaitForQuizStartViewController.swift */; };
		E4DEEB501AF0F902002B6434 /* GenerateQuizViewController.swift in Sources */ = {isa = PBXBuildFile; fileRef = E4DEEB4F1AF0F902002B6434 /* GenerateQuizViewController.swift */; };
		E4DEEB521AF106DA002B6434 /* FadeTransitionSegue.swift in Sources */ = {isa = PBXBuildFile; fileRef = E4DEEB511AF106DA002B6434 /* FadeTransitionSegue.swift */; };
		E4DEEB581AF11118002B6434 /* Materiaal-pin.png in Resources */ = {isa = PBXBuildFile; fileRef = E4DEEB541AF11118002B6434 /* Materiaal-pin.png */; };
		E4DEEB591AF11118002B6434 /* Water-pin.png in Resources */ = {isa = PBXBuildFile; fileRef = E4DEEB551AF11118002B6434 /* Water-pin.png */; };
		E4DEEB5A1AF11118002B6434 /* Energie-pin.png in Resources */ = {isa = PBXBuildFile; fileRef = E4DEEB561AF11118002B6434 /* Energie-pin.png */; };
		E4EE3D931B15C001007D5995 /* JSSAlertView.swift in Sources */ = {isa = PBXBuildFile; fileRef = E4EE3D921B15C001007D5995 /* JSSAlertView.swift */; };
		E4EE3D961B15C997007D5995 /* Roboto-Bold.ttf in Resources */ = {isa = PBXBuildFile; fileRef = E4EE3D941B15C997007D5995 /* Roboto-Bold.ttf */; };
		E4EE3D971B15C997007D5995 /* Roboto-Thin.ttf in Resources */ = {isa = PBXBuildFile; fileRef = E4EE3D951B15C997007D5995 /* Roboto-Thin.ttf */; };
		E4EE3D991B15D472007D5995 /* fontawesome-webfont.ttf in Resources */ = {isa = PBXBuildFile; fileRef = E4EE3D981B15D472007D5995 /* fontawesome-webfont.ttf */; };
		E4EEE5F51AEF9D9400920E85 /* element-01.png in Resources */ = {isa = PBXBuildFile; fileRef = E4EEE5E91AEF9D9400920E85 /* element-01.png */; };
		E4EEE5F61AEF9D9400920E85 /* element-02.png in Resources */ = {isa = PBXBuildFile; fileRef = E4EEE5EA1AEF9D9400920E85 /* element-02.png */; };
		E4EEE5F71AEF9D9400920E85 /* element-03.png in Resources */ = {isa = PBXBuildFile; fileRef = E4EEE5EB1AEF9D9400920E85 /* element-03.png */; };
		E4EEE5F81AEF9D9400920E85 /* element-04.png in Resources */ = {isa = PBXBuildFile; fileRef = E4EEE5EC1AEF9D9400920E85 /* element-04.png */; };
		E4EEE5F91AEF9D9400920E85 /* element-05.png in Resources */ = {isa = PBXBuildFile; fileRef = E4EEE5ED1AEF9D9400920E85 /* element-05.png */; };
		E4EEE5FA1AEF9D9400920E85 /* element-06.png in Resources */ = {isa = PBXBuildFile; fileRef = E4EEE5EE1AEF9D9400920E85 /* element-06.png */; };
		E4EEE5FB1AEF9D9400920E85 /* element-07.png in Resources */ = {isa = PBXBuildFile; fileRef = E4EEE5EF1AEF9D9400920E85 /* element-07.png */; };
		E4EEE5FC1AEF9D9400920E85 /* element-08.png in Resources */ = {isa = PBXBuildFile; fileRef = E4EEE5F01AEF9D9400920E85 /* element-08.png */; };
		E4EEE5FD1AEF9D9400920E85 /* element-09.png in Resources */ = {isa = PBXBuildFile; fileRef = E4EEE5F11AEF9D9400920E85 /* element-09.png */; };
		E4EEE5FE1AEF9D9400920E85 /* element-10.png in Resources */ = {isa = PBXBuildFile; fileRef = E4EEE5F21AEF9D9400920E85 /* element-10.png */; };
		E4EEE5FF1AEF9D9400920E85 /* element-11.png in Resources */ = {isa = PBXBuildFile; fileRef = E4EEE5F31AEF9D9400920E85 /* element-11.png */; };
		E4EEE6001AEF9D9400920E85 /* element-12.png in Resources */ = {isa = PBXBuildFile; fileRef = E4EEE5F41AEF9D9400920E85 /* element-12.png */; };
		E4EEE6021AEF9E6100920E85 /* element-01-180.png in Resources */ = {isa = PBXBuildFile; fileRef = E4EEE6011AEF9E6100920E85 /* element-01-180.png */; };
		E4EEE6041AEF9FC700920E85 /* StartViewController.swift in Sources */ = {isa = PBXBuildFile; fileRef = E4EEE6031AEF9FC700920E85 /* StartViewController.swift */; };
		E4EEE60E1AEFB1A700920E85 /* energie-button.png in Resources */ = {isa = PBXBuildFile; fileRef = E4EEE6081AEFB1A700920E85 /* energie-button.png */; };
		E4EEE60F1AEFB1A700920E85 /* water-button.png in Resources */ = {isa = PBXBuildFile; fileRef = E4EEE6091AEFB1A700920E85 /* water-button.png */; };
		E4EEE6101AEFB1A700920E85 /* materialen-button.png in Resources */ = {isa = PBXBuildFile; fileRef = E4EEE60A1AEFB1A700920E85 /* materialen-button.png */; };
		E4EEE6111AEFB1A700920E85 /* biomimicry-button.png in Resources */ = {isa = PBXBuildFile; fileRef = E4EEE60B1AEFB1A700920E85 /* biomimicry-button.png */; };
		E4EEE6121AEFB1A700920E85 /* default-button.png in Resources */ = {isa = PBXBuildFile; fileRef = E4EEE60C1AEFB1A700920E85 /* default-button.png */; };
		E4EEE6131AEFB1A700920E85 /* black-button.png in Resources */ = {isa = PBXBuildFile; fileRef = E4EEE60D1AEFB1A700920E85 /* black-button.png */; };
		E4FAE6CB1B01F9490061F9D1 /* QuizScoreViewController.swift in Sources */ = {isa = PBXBuildFile; fileRef = E4FAE6CA1B01F9490061F9D1 /* QuizScoreViewController.swift */; };
		E4FAE6CD1B0216CB0061F9D1 /* QuizSendScoreViewController.swift in Sources */ = {isa = PBXBuildFile; fileRef = E4FAE6CC1B0216CB0061F9D1 /* QuizSendScoreViewController.swift */; };
		E4FAE6CF1B0218430061F9D1 /* MessageUI.framework in Frameworks */ = {isa = PBXBuildFile; fileRef = E4FAE6CE1B0218430061F9D1 /* MessageUI.framework */; };
		E4FD960D1AFFB6B7007EFB0A /* AnalogClockHandView.swift in Sources */ = {isa = PBXBuildFile; fileRef = E4FD960B1AFFB6B7007EFB0A /* AnalogClockHandView.swift */; };
		E4FD960E1AFFB6B7007EFB0A /* AnalogClockView.swift in Sources */ = {isa = PBXBuildFile; fileRef = E4FD960C1AFFB6B7007EFB0A /* AnalogClockView.swift */; };
		E4FE16911B0F4B5B008E0278 /* CreditsViewController.swift in Sources */ = {isa = PBXBuildFile; fileRef = E4FE16901B0F4B5B008E0278 /* CreditsViewController.swift */; };
		E4FE16931B0F4FAB008E0278 /* plattegrondbgverkenning.jpg in Resources */ = {isa = PBXBuildFile; fileRef = E4FE16921B0F4FAB008E0278 /* plattegrondbgverkenning.jpg */; };
		E4FE16971B0F592F008E0278 /* element-fadebggrey.png in Resources */ = {isa = PBXBuildFile; fileRef = E4FE16961B0F592F008E0278 /* element-fadebggrey.png */; };
		E4FE16A01B1478C1008E0278 /* back-button.png in Resources */ = {isa = PBXBuildFile; fileRef = E4FE169E1B1478C1008E0278 /* back-button.png */; };
		E4FE16A11B1478C1008E0278 /* quit-button.png in Resources */ = {isa = PBXBuildFile; fileRef = E4FE169F1B1478C1008E0278 /* quit-button.png */; };
		EBB6E73FDD6C92AE70B1E78A /* Pods_Wildlands.framework in Frameworks */ = {isa = PBXBuildFile; fileRef = 753519B94D96BFA270B9CE08 /* Pods_Wildlands.framework */; settings = {ATTRIBUTES = (Weak, ); }; };
/* End PBXBuildFile section */

/* Begin PBXContainerItemProxy section */
		E4C20DFA1AB9A2EC00A911B5 /* PBXContainerItemProxy */ = {
			isa = PBXContainerItemProxy;
			containerPortal = E4C20DDC1AB9A2EB00A911B5 /* Project object */;
			proxyType = 1;
			remoteGlobalIDString = E4C20DE31AB9A2EC00A911B5;
			remoteInfo = Wildlands;
		};
/* End PBXContainerItemProxy section */

/* Begin PBXFileReference section */
		4E5E0BD42386D9869A092966 /* Pods-Wildlands.debug.xcconfig */ = {isa = PBXFileReference; includeInIndex = 1; lastKnownFileType = text.xcconfig; name = "Pods-Wildlands.debug.xcconfig"; path = "Pods/Target Support Files/Pods-Wildlands/Pods-Wildlands.debug.xcconfig"; sourceTree = "<group>"; };
		69867EA9EFE0C4C6D1D1BE2B /* Pods-Wildlands.release.xcconfig */ = {isa = PBXFileReference; includeInIndex = 1; lastKnownFileType = text.xcconfig; name = "Pods-Wildlands.release.xcconfig"; path = "Pods/Target Support Files/Pods-Wildlands/Pods-Wildlands.release.xcconfig"; sourceTree = "<group>"; };
		753519B94D96BFA270B9CE08 /* Pods_Wildlands.framework */ = {isa = PBXFileReference; explicitFileType = wrapper.framework; includeInIndex = 0; path = Pods_Wildlands.framework; sourceTree = BUILT_PRODUCTS_DIR; };
		E430E7661AC17D7C0036506D /* KaartViewController.swift */ = {isa = PBXFileReference; fileEncoding = 4; lastKnownFileType = sourcecode.swift; name = KaartViewController.swift; path = ViewControllers/Explorer/KaartViewController.swift; sourceTree = "<group>"; };
		E430E76A1AC18E9E0036506D /* Pinpoint.swift */ = {isa = PBXFileReference; fileEncoding = 4; lastKnownFileType = sourcecode.swift; name = Pinpoint.swift; path = Classes/Objects/Pinpoint.swift; sourceTree = "<group>"; };
		E430E7741AC1A3540036506D /* JSONDownloader.swift */ = {isa = PBXFileReference; fileEncoding = 4; lastKnownFileType = sourcecode.swift; name = JSONDownloader.swift; path = Classes/Utils/JSONDownloader.swift; sourceTree = "<group>"; };
		E430E7761AC1A3D70036506D /* nl */ = {isa = PBXFileReference; lastKnownFileType = text.plist.strings; name = nl; path = nl.lproj/Main.strings; sourceTree = "<group>"; };
		E430E7771AC1A3D70036506D /* nl */ = {isa = PBXFileReference; lastKnownFileType = text.plist.strings; name = nl; path = nl.lproj/LaunchScreen.strings; sourceTree = "<group>"; };
		E430E77B1AC1A4FE0036506D /* Base */ = {isa = PBXFileReference; lastKnownFileType = text.plist.strings; name = Base; path = Base.lproj/Localizable.strings; sourceTree = "<group>"; };
		E430E77D1AC1A4FF0036506D /* nl */ = {isa = PBXFileReference; lastKnownFileType = text.plist.strings; name = nl; path = nl.lproj/Localizable.strings; sourceTree = "<group>"; };
		E430E79B1AC408EA0036506D /* Roboto-Regular.ttf */ = {isa = PBXFileReference; lastKnownFileType = file; name = "Roboto-Regular.ttf"; path = "Fonts/Roboto-Regular.ttf"; sourceTree = "<group>"; };
		E430E79D1AC409550036506D /* Fonts.swift */ = {isa = PBXFileReference; fileEncoding = 4; lastKnownFileType = sourcecode.swift; name = Fonts.swift; path = Classes/UI/Fonts.swift; sourceTree = "<group>"; };
		E430E7D61AC418E60036506D /* ImageIO.framework */ = {isa = PBXFileReference; lastKnownFileType = wrapper.framework; name = ImageIO.framework; path = System/Library/Frameworks/ImageIO.framework; sourceTree = SDKROOT; };
		E430E7D91AC41DA00036506D /* Utils.swift */ = {isa = PBXFileReference; fileEncoding = 4; lastKnownFileType = sourcecode.swift; name = Utils.swift; path = Classes/Utils/Utils.swift; sourceTree = "<group>"; };
		E438096F1B0B45320030B792 /* AudioToolbox.framework */ = {isa = PBXFileReference; lastKnownFileType = wrapper.framework; name = AudioToolbox.framework; path = System/Library/Frameworks/AudioToolbox.framework; sourceTree = SDKROOT; };
		E43809721B0B573D0030B792 /* score-biomimicry.png */ = {isa = PBXFileReference; lastKnownFileType = image.png; name = "score-biomimicry.png"; path = "Images/Score/score-biomimicry.png"; sourceTree = "<group>"; };
		E43809731B0B573D0030B792 /* score-energie.png */ = {isa = PBXFileReference; lastKnownFileType = image.png; name = "score-energie.png"; path = "Images/Score/score-energie.png"; sourceTree = "<group>"; };
		E43809741B0B573D0030B792 /* score-water.png */ = {isa = PBXFileReference; lastKnownFileType = image.png; name = "score-water.png"; path = "Images/Score/score-water.png"; sourceTree = "<group>"; };
		E43809751B0B573D0030B792 /* score-materialen.png */ = {isa = PBXFileReference; lastKnownFileType = image.png; name = "score-materialen.png"; path = "Images/Score/score-materialen.png"; sourceTree = "<group>"; };
		E43809761B0B573D0030B792 /* score-dierenwelzijn.png */ = {isa = PBXFileReference; lastKnownFileType = image.png; name = "score-dierenwelzijn.png"; path = "Images/Score/score-dierenwelzijn.png"; sourceTree = "<group>"; };
		E438097C1B0B699B0030B792 /* Score.swift */ = {isa = PBXFileReference; fileEncoding = 4; lastKnownFileType = sourcecode.swift; name = Score.swift; path = Classes/Objects/Score.swift; sourceTree = "<group>"; };
		E438097E1B0C90130030B792 /* element-dierenwelzijn.png */ = {isa = PBXFileReference; lastKnownFileType = image.png; name = "element-dierenwelzijn.png"; path = "Images/Views/element-dierenwelzijn.png"; sourceTree = "<group>"; };
		E43809801B0CA84A0030B792 /* WildlandsGradient.swift */ = {isa = PBXFileReference; fileEncoding = 4; lastKnownFileType = sourcecode.swift; name = WildlandsGradient.swift; path = Classes/UI/WildlandsGradient.swift; sourceTree = "<group>"; };
		E43809821B0CB2C00030B792 /* Dierenwelzijn-pin.png */ = {isa = PBXFileReference; lastKnownFileType = image.png; name = "Dierenwelzijn-pin.png"; path = "Images/Pinpoints/Dierenwelzijn-pin.png"; sourceTree = "<group>"; };
		E43809861B0CB44E0030B792 /* element-fadebg.png */ = {isa = PBXFileReference; lastKnownFileType = image.png; name = "element-fadebg.png"; path = "Images/Views/element-fadebg.png"; sourceTree = "<group>"; };
		E43809881B0CBE900030B792 /* Credits.png */ = {isa = PBXFileReference; lastKnownFileType = image.png; name = Credits.png; path = Images/Credits/Credits.png; sourceTree = "<group>"; };
		E438098F1B0CC2B40030B792 /* ButtonParticles.sks */ = {isa = PBXFileReference; lastKnownFileType = file.sks; name = ButtonParticles.sks; path = Particles/ButtonParticles.sks; sourceTree = "<group>"; };
		E43809901B0CC2B40030B792 /* spark.png */ = {isa = PBXFileReference; lastKnownFileType = image.png; name = spark.png; path = Particles/spark.png; sourceTree = "<group>"; };
		E43809931B0CC3760030B792 /* SpriteKit.framework */ = {isa = PBXFileReference; lastKnownFileType = wrapper.framework; name = SpriteKit.framework; path = System/Library/Frameworks/SpriteKit.framework; sourceTree = SDKROOT; };
		E44D75701AF3870000EC9D5E /* Bio Mimicry-header.png */ = {isa = PBXFileReference; lastKnownFileType = image.png; name = "Bio Mimicry-header.png"; path = "Images/Popup/Bio Mimicry-header.png"; sourceTree = "<group>"; };
		E44D75711AF3870000EC9D5E /* Materiaal-header.png */ = {isa = PBXFileReference; lastKnownFileType = image.png; name = "Materiaal-header.png"; path = "Images/Popup/Materiaal-header.png"; sourceTree = "<group>"; };
		E44D75721AF3870000EC9D5E /* Water-header.png */ = {isa = PBXFileReference; lastKnownFileType = image.png; name = "Water-header.png"; path = "Images/Popup/Water-header.png"; sourceTree = "<group>"; };
		E44D75731AF3870000EC9D5E /* Energie-header.png */ = {isa = PBXFileReference; lastKnownFileType = image.png; name = "Energie-header.png"; path = "Images/Popup/Energie-header.png"; sourceTree = "<group>"; };
		E44D75791AF3876200EC9D5E /* Bio Mimicry-close.png */ = {isa = PBXFileReference; lastKnownFileType = image.png; name = "Bio Mimicry-close.png"; path = "Images/Popup/Bio Mimicry-close.png"; sourceTree = "<group>"; };
		E44D757A1AF3876200EC9D5E /* Materiaal-close.png */ = {isa = PBXFileReference; lastKnownFileType = image.png; name = "Materiaal-close.png"; path = "Images/Popup/Materiaal-close.png"; sourceTree = "<group>"; };
		E44D757B1AF3876200EC9D5E /* Water-close.png */ = {isa = PBXFileReference; lastKnownFileType = image.png; name = "Water-close.png"; path = "Images/Popup/Water-close.png"; sourceTree = "<group>"; };
		E44D757C1AF3876200EC9D5E /* Energie-close.png */ = {isa = PBXFileReference; lastKnownFileType = image.png; name = "Energie-close.png"; path = "Images/Popup/Energie-close.png"; sourceTree = "<group>"; };
		E44D75811AF3879A00EC9D5E /* Bio Mimicry-pin.png */ = {isa = PBXFileReference; lastKnownFileType = image.png; name = "Bio Mimicry-pin.png"; path = "Images/Pinpoints/Bio Mimicry-pin.png"; sourceTree = "<group>"; };
		E44D75831AF3A7C400EC9D5E /* DownloadViewController.swift */ = {isa = PBXFileReference; fileEncoding = 4; lastKnownFileType = sourcecode.swift; name = DownloadViewController.swift; path = ViewControllers/DownloadViewController.swift; sourceTree = "<group>"; };
		E44FE8F01ADD1F73006DD395 /* WildlandsGPS.swift */ = {isa = PBXFileReference; fileEncoding = 4; lastKnownFileType = sourcecode.swift; name = WildlandsGPS.swift; path = Classes/Utils/WildlandsGPS.swift; sourceTree = "<group>"; };
		E44FE8F31ADD20B1006DD395 /* Question.swift */ = {isa = PBXFileReference; fileEncoding = 4; lastKnownFileType = sourcecode.swift; name = Question.swift; path = Classes/Objects/Question.swift; sourceTree = "<group>"; };
		E44FE8F81ADD2117006DD395 /* bushbush.png */ = {isa = PBXFileReference; lastKnownFileType = image.png; name = bushbush.png; path = Images/Views/bushbush.png; sourceTree = "<group>"; };
		E44FE8F91ADD2117006DD395 /* iceicebaby.png */ = {isa = PBXFileReference; lastKnownFileType = image.png; name = iceicebaby.png; path = Images/Views/iceicebaby.png; sourceTree = "<group>"; };
		E44FE8FC1ADD2117006DD395 /* logo_wildlands.png */ = {isa = PBXFileReference; lastKnownFileType = image.png; name = logo_wildlands.png; path = Images/logo_wildlands.png; sourceTree = "<group>"; };
		E44FE91B1ADD3BFD006DD395 /* spot.png */ = {isa = PBXFileReference; lastKnownFileType = image.png; name = spot.png; path = Images/Explorer/spot.png; sourceTree = "<group>"; };
		E44FE9211ADE6A66006DD395 /* TestGPS.gpx */ = {isa = PBXFileReference; fileEncoding = 4; lastKnownFileType = text; name = TestGPS.gpx; path = GPSLocations/TestGPS.gpx; sourceTree = "<group>"; };
		E44FE9231ADE7880006DD395 /* stenden.gpx */ = {isa = PBXFileReference; fileEncoding = 4; lastKnownFileType = text.xml; name = stenden.gpx; path = GPSLocations/stenden.gpx; sourceTree = "<group>"; };
		E44FE9251ADE7AF4006DD395 /* stenden-2.gpx */ = {isa = PBXFileReference; fileEncoding = 4; lastKnownFileType = text.xml; name = "stenden-2.gpx"; path = "GPSLocations/stenden-2.gpx"; sourceTree = "<group>"; };
		E4627FF51ABAE1CD003B9229 /* Colors.swift */ = {isa = PBXFileReference; fileEncoding = 4; lastKnownFileType = sourcecode.swift; name = Colors.swift; path = Classes/UI/Colors.swift; sourceTree = "<group>"; };
		E48FD5501AE91E59000C1CFA /* ContentPage.swift */ = {isa = PBXFileReference; fileEncoding = 4; lastKnownFileType = sourcecode.swift; name = ContentPage.swift; path = Classes/UI/ContentPage.swift; sourceTree = "<group>"; };
		E495EB391B00D37000C136C7 /* QuizBeforeStartViewController.swift */ = {isa = PBXFileReference; fileEncoding = 4; lastKnownFileType = sourcecode.swift; name = QuizBeforeStartViewController.swift; path = Teacher/QuizBeforeStartViewController.swift; sourceTree = "<group>"; };
		E4A6406B1B028BD0003E2CEC /* QuizDidEndViewController.swift */ = {isa = PBXFileReference; fileEncoding = 4; lastKnownFileType = sourcecode.swift; name = QuizDidEndViewController.swift; path = Student/QuizDidEndViewController.swift; sourceTree = "<group>"; };
		E4AA96001B09FB7A00B3AAC3 /* ChooseDoelgroepViewController.swift */ = {isa = PBXFileReference; fileEncoding = 4; lastKnownFileType = sourcecode.swift; name = ChooseDoelgroepViewController.swift; path = ViewControllers/ChooseDoelgroepViewController.swift; sourceTree = "<group>"; };
		E4AA96021B09FFEA00B3AAC3 /* dierenwelzijn-button.png */ = {isa = PBXFileReference; lastKnownFileType = image.png; name = "dierenwelzijn-button.png"; path = "Images/Buttons/dierenwelzijn-button.png"; sourceTree = "<group>"; };
		E4AA96041B0A067600B3AAC3 /* Dierenwelzijn-header.png */ = {isa = PBXFileReference; lastKnownFileType = image.png; name = "Dierenwelzijn-header.png"; path = "Images/Popup/Dierenwelzijn-header.png"; sourceTree = "<group>"; };
		E4AA96061B0A068600B3AAC3 /* Dierenwelzijn-close.png */ = {isa = PBXFileReference; lastKnownFileType = image.png; name = "Dierenwelzijn-close.png"; path = "Images/Popup/Dierenwelzijn-close.png"; sourceTree = "<group>"; };
		E4AA960A1B0A09C400B3AAC3 /* WildlandsButton.swift */ = {isa = PBXFileReference; fileEncoding = 4; lastKnownFileType = sourcecode.swift; name = WildlandsButton.swift; path = Classes/UI/WildlandsButton.swift; sourceTree = "<group>"; };
		E4AA960C1B0A180C00B3AAC3 /* Level.swift */ = {isa = PBXFileReference; fileEncoding = 4; lastKnownFileType = sourcecode.swift; name = Level.swift; path = Classes/Objects/Level.swift; sourceTree = "<group>"; };
		E4B6E6701AEA4D1D0033CD3A /* ChooseSubjectViewController.swift */ = {isa = PBXFileReference; fileEncoding = 4; lastKnownFileType = sourcecode.swift; name = ChooseSubjectViewController.swift; path = ViewControllers/Explorer/ChooseSubjectViewController.swift; sourceTree = "<group>"; };
		E4C1903C1AE7A7ED00FC2800 /* ContentPageView.swift */ = {isa = PBXFileReference; fileEncoding = 4; lastKnownFileType = sourcecode.swift; name = ContentPageView.swift; path = Views/ContentPageView.swift; sourceTree = "<group>"; };
		E4C190401AE7C4DD00FC2800 /* PopupView.swift */ = {isa = PBXFileReference; fileEncoding = 4; lastKnownFileType = sourcecode.swift; name = PopupView.swift; path = Views/PopupView.swift; sourceTree = "<group>"; };
		E4C20DE41AB9A2EC00A911B5 /* Wildlands.app */ = {isa = PBXFileReference; explicitFileType = wrapper.application; includeInIndex = 0; path = Wildlands.app; sourceTree = BUILT_PRODUCTS_DIR; };
		E4C20DE81AB9A2EC00A911B5 /* Info.plist */ = {isa = PBXFileReference; lastKnownFileType = text.plist.xml; path = Info.plist; sourceTree = "<group>"; };
		E4C20DE91AB9A2EC00A911B5 /* AppDelegate.swift */ = {isa = PBXFileReference; lastKnownFileType = sourcecode.swift; path = AppDelegate.swift; sourceTree = "<group>"; };
		E4C20DEE1AB9A2EC00A911B5 /* Base */ = {isa = PBXFileReference; lastKnownFileType = file.storyboard; name = Base; path = Base.lproj/Main.storyboard; sourceTree = "<group>"; };
		E4C20DF01AB9A2EC00A911B5 /* Images.xcassets */ = {isa = PBXFileReference; lastKnownFileType = folder.assetcatalog; path = Images.xcassets; sourceTree = "<group>"; };
		E4C20DF31AB9A2EC00A911B5 /* Base */ = {isa = PBXFileReference; lastKnownFileType = file.xib; name = Base; path = Base.lproj/LaunchScreen.xib; sourceTree = "<group>"; };
		E4C20DF91AB9A2EC00A911B5 /* WildlandsTests.xctest */ = {isa = PBXFileReference; explicitFileType = wrapper.cfbundle; includeInIndex = 0; path = WildlandsTests.xctest; sourceTree = BUILT_PRODUCTS_DIR; };
		E4C20DFE1AB9A2EC00A911B5 /* Info.plist */ = {isa = PBXFileReference; lastKnownFileType = text.plist.xml; path = Info.plist; sourceTree = "<group>"; };
		E4C20DFF1AB9A2EC00A911B5 /* WildlandsTests.swift */ = {isa = PBXFileReference; lastKnownFileType = sourcecode.swift; path = WildlandsTests.swift; sourceTree = "<group>"; };
		E4C20E0B1AB9AA2900A911B5 /* QuizViewController.swift */ = {isa = PBXFileReference; fileEncoding = 4; lastKnownFileType = sourcecode.swift; name = QuizViewController.swift; path = Student/QuizViewController.swift; sourceTree = "<group>"; };
		E4C20E0D1AB9AAF600A911B5 /* Answer.swift */ = {isa = PBXFileReference; fileEncoding = 4; lastKnownFileType = sourcecode.swift; name = Answer.swift; path = Classes/Objects/Answer.swift; sourceTree = "<group>"; };
		E4C84D4F1AEF87E500A208EF /* wildlands-regular.ttf */ = {isa = PBXFileReference; lastKnownFileType = file; name = "wildlands-regular.ttf"; path = "Fonts/wildlands-regular.ttf"; sourceTree = "<group>"; };
		E4C84D511AEF8DB600A208EF /* speedletter-regular.ttf */ = {isa = PBXFileReference; lastKnownFileType = file; name = "speedletter-regular.ttf"; path = "Fonts/speedletter-regular.ttf"; sourceTree = "<group>"; };
		E4DEEB411AF0D0C5002B6434 /* NoAnimationSegue.swift */ = {isa = PBXFileReference; fileEncoding = 4; lastKnownFileType = sourcecode.swift; name = NoAnimationSegue.swift; path = Classes/Transitions/NoAnimationSegue.swift; sourceTree = "<group>"; };
		E4DEEB471AF0DAE7002B6434 /* stroke_green.png */ = {isa = PBXFileReference; lastKnownFileType = image.png; name = stroke_green.png; path = Images/Views/stroke_green.png; sourceTree = "<group>"; };
		E4DEEB491AF0E201002B6434 /* QuizChooseViewController.swift */ = {isa = PBXFileReference; fileEncoding = 4; lastKnownFileType = sourcecode.swift; path = QuizChooseViewController.swift; sourceTree = "<group>"; };
		E4DEEB4B1AF0E8EE002B6434 /* JoinQuizViewController.swift */ = {isa = PBXFileReference; fileEncoding = 4; lastKnownFileType = sourcecode.swift; name = JoinQuizViewController.swift; path = Student/JoinQuizViewController.swift; sourceTree = "<group>"; };
		E4DEEB4D1AF0F4A4002B6434 /* WaitForQuizStartViewController.swift */ = {isa = PBXFileReference; fileEncoding = 4; lastKnownFileType = sourcecode.swift; name = WaitForQuizStartViewController.swift; path = Student/WaitForQuizStartViewController.swift; sourceTree = "<group>"; };
		E4DEEB4F1AF0F902002B6434 /* GenerateQuizViewController.swift */ = {isa = PBXFileReference; fileEncoding = 4; lastKnownFileType = sourcecode.swift; name = GenerateQuizViewController.swift; path = Teacher/GenerateQuizViewController.swift; sourceTree = "<group>"; };
		E4DEEB511AF106DA002B6434 /* FadeTransitionSegue.swift */ = {isa = PBXFileReference; fileEncoding = 4; lastKnownFileType = sourcecode.swift; name = FadeTransitionSegue.swift; path = Classes/Transitions/FadeTransitionSegue.swift; sourceTree = "<group>"; };
		E4DEEB541AF11118002B6434 /* Materiaal-pin.png */ = {isa = PBXFileReference; lastKnownFileType = image.png; name = "Materiaal-pin.png"; path = "Images/Pinpoints/Materiaal-pin.png"; sourceTree = "<group>"; };
		E4DEEB551AF11118002B6434 /* Water-pin.png */ = {isa = PBXFileReference; lastKnownFileType = image.png; name = "Water-pin.png"; path = "Images/Pinpoints/Water-pin.png"; sourceTree = "<group>"; };
		E4DEEB561AF11118002B6434 /* Energie-pin.png */ = {isa = PBXFileReference; lastKnownFileType = image.png; name = "Energie-pin.png"; path = "Images/Pinpoints/Energie-pin.png"; sourceTree = "<group>"; };
		E4EE3D921B15C001007D5995 /* JSSAlertView.swift */ = {isa = PBXFileReference; fileEncoding = 4; lastKnownFileType = sourcecode.swift; name = JSSAlertView.swift; path = Frameworks/JSSAlertView.swift; sourceTree = "<group>"; };
		E4EE3D941B15C997007D5995 /* Roboto-Bold.ttf */ = {isa = PBXFileReference; lastKnownFileType = file; name = "Roboto-Bold.ttf"; path = "Fonts/Roboto-Bold.ttf"; sourceTree = "<group>"; };
		E4EE3D951B15C997007D5995 /* Roboto-Thin.ttf */ = {isa = PBXFileReference; lastKnownFileType = file; name = "Roboto-Thin.ttf"; path = "Fonts/Roboto-Thin.ttf"; sourceTree = "<group>"; };
		E4EE3D981B15D472007D5995 /* fontawesome-webfont.ttf */ = {isa = PBXFileReference; lastKnownFileType = file; name = "fontawesome-webfont.ttf"; path = "Fonts/fontawesome-webfont.ttf"; sourceTree = "<group>"; };
		E4EEE5E91AEF9D9400920E85 /* element-01.png */ = {isa = PBXFileReference; lastKnownFileType = image.png; name = "element-01.png"; path = "Images/Views/element-01.png"; sourceTree = "<group>"; };
		E4EEE5EA1AEF9D9400920E85 /* element-02.png */ = {isa = PBXFileReference; lastKnownFileType = image.png; name = "element-02.png"; path = "Images/Views/element-02.png"; sourceTree = "<group>"; };
		E4EEE5EB1AEF9D9400920E85 /* element-03.png */ = {isa = PBXFileReference; lastKnownFileType = image.png; name = "element-03.png"; path = "Images/Views/element-03.png"; sourceTree = "<group>"; };
		E4EEE5EC1AEF9D9400920E85 /* element-04.png */ = {isa = PBXFileReference; lastKnownFileType = image.png; name = "element-04.png"; path = "Images/Views/element-04.png"; sourceTree = "<group>"; };
		E4EEE5ED1AEF9D9400920E85 /* element-05.png */ = {isa = PBXFileReference; lastKnownFileType = image.png; name = "element-05.png"; path = "Images/Views/element-05.png"; sourceTree = "<group>"; };
		E4EEE5EE1AEF9D9400920E85 /* element-06.png */ = {isa = PBXFileReference; lastKnownFileType = image.png; name = "element-06.png"; path = "Images/Views/element-06.png"; sourceTree = "<group>"; };
		E4EEE5EF1AEF9D9400920E85 /* element-07.png */ = {isa = PBXFileReference; lastKnownFileType = image.png; name = "element-07.png"; path = "Images/Views/element-07.png"; sourceTree = "<group>"; };
		E4EEE5F01AEF9D9400920E85 /* element-08.png */ = {isa = PBXFileReference; lastKnownFileType = image.png; name = "element-08.png"; path = "Images/Views/element-08.png"; sourceTree = "<group>"; };
		E4EEE5F11AEF9D9400920E85 /* element-09.png */ = {isa = PBXFileReference; lastKnownFileType = image.png; name = "element-09.png"; path = "Images/Views/element-09.png"; sourceTree = "<group>"; };
		E4EEE5F21AEF9D9400920E85 /* element-10.png */ = {isa = PBXFileReference; lastKnownFileType = image.png; name = "element-10.png"; path = "Images/Views/element-10.png"; sourceTree = "<group>"; };
		E4EEE5F31AEF9D9400920E85 /* element-11.png */ = {isa = PBXFileReference; lastKnownFileType = image.png; name = "element-11.png"; path = "Images/Views/element-11.png"; sourceTree = "<group>"; };
		E4EEE5F41AEF9D9400920E85 /* element-12.png */ = {isa = PBXFileReference; lastKnownFileType = image.png; name = "element-12.png"; path = "Images/Views/element-12.png"; sourceTree = "<group>"; };
		E4EEE6011AEF9E6100920E85 /* element-01-180.png */ = {isa = PBXFileReference; lastKnownFileType = image.png; name = "element-01-180.png"; path = "Images/Views/element-01-180.png"; sourceTree = "<group>"; };
		E4EEE6031AEF9FC700920E85 /* StartViewController.swift */ = {isa = PBXFileReference; fileEncoding = 4; lastKnownFileType = sourcecode.swift; name = StartViewController.swift; path = ViewControllers/StartViewController.swift; sourceTree = "<group>"; };
		E4EEE6081AEFB1A700920E85 /* energie-button.png */ = {isa = PBXFileReference; lastKnownFileType = image.png; name = "energie-button.png"; path = "Images/Buttons/energie-button.png"; sourceTree = "<group>"; };
		E4EEE6091AEFB1A700920E85 /* water-button.png */ = {isa = PBXFileReference; lastKnownFileType = image.png; name = "water-button.png"; path = "Images/Buttons/water-button.png"; sourceTree = "<group>"; };
		E4EEE60A1AEFB1A700920E85 /* materialen-button.png */ = {isa = PBXFileReference; lastKnownFileType = image.png; name = "materialen-button.png"; path = "Images/Buttons/materialen-button.png"; sourceTree = "<group>"; };
		E4EEE60B1AEFB1A700920E85 /* biomimicry-button.png */ = {isa = PBXFileReference; lastKnownFileType = image.png; name = "biomimicry-button.png"; path = "Images/Buttons/biomimicry-button.png"; sourceTree = "<group>"; };
		E4EEE60C1AEFB1A700920E85 /* default-button.png */ = {isa = PBXFileReference; lastKnownFileType = image.png; name = "default-button.png"; path = "Images/Buttons/default-button.png"; sourceTree = "<group>"; };
		E4EEE60D1AEFB1A700920E85 /* black-button.png */ = {isa = PBXFileReference; lastKnownFileType = image.png; name = "black-button.png"; path = "Images/Buttons/black-button.png"; sourceTree = "<group>"; };
		E4FAE6CA1B01F9490061F9D1 /* QuizScoreViewController.swift */ = {isa = PBXFileReference; fileEncoding = 4; lastKnownFileType = sourcecode.swift; name = QuizScoreViewController.swift; path = Teacher/QuizScoreViewController.swift; sourceTree = "<group>"; };
		E4FAE6CC1B0216CB0061F9D1 /* QuizSendScoreViewController.swift */ = {isa = PBXFileReference; fileEncoding = 4; lastKnownFileType = sourcecode.swift; name = QuizSendScoreViewController.swift; path = Teacher/QuizSendScoreViewController.swift; sourceTree = "<group>"; };
		E4FAE6CE1B0218430061F9D1 /* MessageUI.framework */ = {isa = PBXFileReference; lastKnownFileType = wrapper.framework; name = MessageUI.framework; path = System/Library/Frameworks/MessageUI.framework; sourceTree = SDKROOT; };
		E4FD960B1AFFB6B7007EFB0A /* AnalogClockHandView.swift */ = {isa = PBXFileReference; fileEncoding = 4; lastKnownFileType = sourcecode.swift; name = AnalogClockHandView.swift; path = Classes/Clock/AnalogClockHandView.swift; sourceTree = "<group>"; };
		E4FD960C1AFFB6B7007EFB0A /* AnalogClockView.swift */ = {isa = PBXFileReference; fileEncoding = 4; lastKnownFileType = sourcecode.swift; name = AnalogClockView.swift; path = Classes/Clock/AnalogClockView.swift; sourceTree = "<group>"; };
		E4FE16901B0F4B5B008E0278 /* CreditsViewController.swift */ = {isa = PBXFileReference; fileEncoding = 4; lastKnownFileType = sourcecode.swift; name = CreditsViewController.swift; path = ViewControllers/CreditsViewController.swift; sourceTree = "<group>"; };
		E4FE16921B0F4FAB008E0278 /* plattegrondbgverkenning.jpg */ = {isa = PBXFileReference; lastKnownFileType = image.jpeg; name = plattegrondbgverkenning.jpg; path = Images/Explorer/plattegrondbgverkenning.jpg; sourceTree = "<group>"; };
		E4FE16961B0F592F008E0278 /* element-fadebggrey.png */ = {isa = PBXFileReference; lastKnownFileType = image.png; name = "element-fadebggrey.png"; path = "Images/Views/element-fadebggrey.png"; sourceTree = "<group>"; };
		E4FE169E1B1478C1008E0278 /* back-button.png */ = {isa = PBXFileReference; lastKnownFileType = image.png; name = "back-button.png"; path = "Images/Navigation/back-button.png"; sourceTree = "<group>"; };
		E4FE169F1B1478C1008E0278 /* quit-button.png */ = {isa = PBXFileReference; lastKnownFileType = image.png; name = "quit-button.png"; path = "Images/Navigation/quit-button.png"; sourceTree = "<group>"; };
/* End PBXFileReference section */

/* Begin PBXFrameworksBuildPhase section */
		E4C20DE11AB9A2EC00A911B5 /* Frameworks */ = {
			isa = PBXFrameworksBuildPhase;
			buildActionMask = 2147483647;
			files = (
				E43809941B0CC3760030B792 /* SpriteKit.framework in Frameworks */,
				E43809701B0B45320030B792 /* AudioToolbox.framework in Frameworks */,
				E4FAE6CF1B0218430061F9D1 /* MessageUI.framework in Frameworks */,
				E430E7D71AC418E60036506D /* ImageIO.framework in Frameworks */,
				EBB6E73FDD6C92AE70B1E78A /* Pods_Wildlands.framework in Frameworks */,
			);
			runOnlyForDeploymentPostprocessing = 0;
		};
		E4C20DF61AB9A2EC00A911B5 /* Frameworks */ = {
			isa = PBXFrameworksBuildPhase;
			buildActionMask = 2147483647;
			files = (
			);
			runOnlyForDeploymentPostprocessing = 0;
		};
/* End PBXFrameworksBuildPhase section */

/* Begin PBXGroup section */
		29D7C0058785042EE0997D40 /* Pods */ = {
			isa = PBXGroup;
			children = (
				4E5E0BD42386D9869A092966 /* Pods-Wildlands.debug.xcconfig */,
				69867EA9EFE0C4C6D1D1BE2B /* Pods-Wildlands.release.xcconfig */,
			);
			name = Pods;
			sourceTree = "<group>";
		};
		A47CC03B517AB98FD7F76CAC /* Frameworks */ = {
			isa = PBXGroup;
			children = (
				E43809931B0CC3760030B792 /* SpriteKit.framework */,
				E438096F1B0B45320030B792 /* AudioToolbox.framework */,
				E4FAE6CE1B0218430061F9D1 /* MessageUI.framework */,
				753519B94D96BFA270B9CE08 /* Pods_Wildlands.framework */,
			);
			name = Frameworks;
			sourceTree = "<group>";
		};
		E430E79A1AC408DF0036506D /* Fonts */ = {
			isa = PBXGroup;
			children = (
				E430E79B1AC408EA0036506D /* Roboto-Regular.ttf */,
				E4C84D4F1AEF87E500A208EF /* wildlands-regular.ttf */,
				E4C84D511AEF8DB600A208EF /* speedletter-regular.ttf */,
				E4EE3D941B15C997007D5995 /* Roboto-Bold.ttf */,
				E4EE3D951B15C997007D5995 /* Roboto-Thin.ttf */,
				E4EE3D981B15D472007D5995 /* fontawesome-webfont.ttf */,
			);
			name = Fonts;
			sourceTree = "<group>";
		};
		E430E7D81AC418F40036506D /* Frameworks */ = {
			isa = PBXGroup;
			children = (
				E4EE3D911B15BFF3007D5995 /* JSSAlertView */,
				E430E7D61AC418E60036506D /* ImageIO.framework */,
			);
			name = Frameworks;
			sourceTree = "<group>";
		};
		E43809711B0B56050030B792 /* Score */ = {
			isa = PBXGroup;
			children = (
				E43809721B0B573D0030B792 /* score-biomimicry.png */,
				E43809731B0B573D0030B792 /* score-energie.png */,
				E43809741B0B573D0030B792 /* score-water.png */,
				E43809751B0B573D0030B792 /* score-materialen.png */,
				E43809761B0B573D0030B792 /* score-dierenwelzijn.png */,
			);
			name = Score;
			sourceTree = "<group>";
		};
		E438098E1B0CC2A70030B792 /* Particles */ = {
			isa = PBXGroup;
			children = (
				E438098F1B0CC2B40030B792 /* ButtonParticles.sks */,
				E43809901B0CC2B40030B792 /* spark.png */,
			);
			name = Particles;
			sourceTree = "<group>";
		};
		E44D75781AF3870900EC9D5E /* Pop-up elements */ = {
			isa = PBXGroup;
			children = (
				E44D75701AF3870000EC9D5E /* Bio Mimicry-header.png */,
				E44D75711AF3870000EC9D5E /* Materiaal-header.png */,
				E44D75721AF3870000EC9D5E /* Water-header.png */,
				E44D75731AF3870000EC9D5E /* Energie-header.png */,
				E4AA96041B0A067600B3AAC3 /* Dierenwelzijn-header.png */,
				E44D75791AF3876200EC9D5E /* Bio Mimicry-close.png */,
				E44D757A1AF3876200EC9D5E /* Materiaal-close.png */,
				E44D757B1AF3876200EC9D5E /* Water-close.png */,
				E44D757C1AF3876200EC9D5E /* Energie-close.png */,
				E4AA96061B0A068600B3AAC3 /* Dierenwelzijn-close.png */,
			);
			name = "Pop-up elements";
			sourceTree = "<group>";
		};
		E44FE8F21ADD1FBF006DD395 /* ViewControllers */ = {
			isa = PBXGroup;
			children = (
				E4FE16941B0F5683008E0278 /* Explorer */,
				E495EB3B1B00D37700C136C7 /* Quiz */,
				E4EEE6031AEF9FC700920E85 /* StartViewController.swift */,
				E44D75831AF3A7C400EC9D5E /* DownloadViewController.swift */,
				E4AA96001B09FB7A00B3AAC3 /* ChooseDoelgroepViewController.swift */,
				E4FE16901B0F4B5B008E0278 /* CreditsViewController.swift */,
			);
			name = ViewControllers;
			sourceTree = "<group>";
		};
		E44FE9201ADE6A48006DD395 /* GPS Test Locations */ = {
			isa = PBXGroup;
			children = (
				E44FE9211ADE6A66006DD395 /* TestGPS.gpx */,
				E44FE9231ADE7880006DD395 /* stenden.gpx */,
				E44FE9251ADE7AF4006DD395 /* stenden-2.gpx */,
			);
			name = "GPS Test Locations";
			sourceTree = "<group>";
		};
		E4627FF71ABAE40D003B9229 /* Classes */ = {
			isa = PBXGroup;
			children = (
				E4EE3DCA1B165EA3007D5995 /* Objects */,
				E4EE3DC91B165E32007D5995 /* UI */,
				E4EE3DC81B165DE8007D5995 /* Transitions */,
				E4FD960A1AFFB6AA007EFB0A /* Clock */,
				E4EE3DCB1B165F29007D5995 /* Utils */,
			);
			name = Classes;
			sourceTree = "<group>";
		};
		E4627FF81ABAE423003B9229 /* Images */ = {
			isa = PBXGroup;
			children = (
				E4EE3DD01B166664007D5995 /* Explorer */,
				E4EE3DCF1B16662F007D5995 /* Credits */,
				E4EE3DCE1B166592007D5995 /* Navigation */,
				E4EE3DCD1B166237007D5995 /* Pinpoints */,
				E43809711B0B56050030B792 /* Score */,
				E44D75781AF3870900EC9D5E /* Pop-up elements */,
				E4EEE6071AEFB19E00920E85 /* Buttons */,
				E4EEE5D01AEF9D3900920E85 /* View Elements */,
			);
			name = Images;
			sourceTree = "<group>";
		};
		E495EB3B1B00D37700C136C7 /* Quiz */ = {
			isa = PBXGroup;
			children = (
				E4DEEB491AF0E201002B6434 /* QuizChooseViewController.swift */,
				E495EB3C1B00D39700C136C7 /* Teacher */,
				E495EB3D1B00D3A500C136C7 /* Student */,
			);
			name = Quiz;
			path = ViewControllers/Quiz;
			sourceTree = "<group>";
		};
		E495EB3C1B00D39700C136C7 /* Teacher */ = {
			isa = PBXGroup;
			children = (
				E4DEEB4F1AF0F902002B6434 /* GenerateQuizViewController.swift */,
				E495EB391B00D37000C136C7 /* QuizBeforeStartViewController.swift */,
				E4FAE6CA1B01F9490061F9D1 /* QuizScoreViewController.swift */,
				E4FAE6CC1B0216CB0061F9D1 /* QuizSendScoreViewController.swift */,
			);
			name = Teacher;
			sourceTree = "<group>";
		};
		E495EB3D1B00D3A500C136C7 /* Student */ = {
			isa = PBXGroup;
			children = (
				E4DEEB4B1AF0E8EE002B6434 /* JoinQuizViewController.swift */,
				E4DEEB4D1AF0F4A4002B6434 /* WaitForQuizStartViewController.swift */,
				E4C20E0B1AB9AA2900A911B5 /* QuizViewController.swift */,
				E4A6406B1B028BD0003E2CEC /* QuizDidEndViewController.swift */,
			);
			name = Student;
			sourceTree = "<group>";
		};
		E4C20DDB1AB9A2EB00A911B5 = {
			isa = PBXGroup;
			children = (
				E4C20DE61AB9A2EC00A911B5 /* Wildlands */,
				E4C20DFC1AB9A2EC00A911B5 /* WildlandsTests */,
				E4C20DE51AB9A2EC00A911B5 /* Products */,
				29D7C0058785042EE0997D40 /* Pods */,
				A47CC03B517AB98FD7F76CAC /* Frameworks */,
			);
			sourceTree = "<group>";
		};
		E4C20DE51AB9A2EC00A911B5 /* Products */ = {
			isa = PBXGroup;
			children = (
				E4C20DE41AB9A2EC00A911B5 /* Wildlands.app */,
				E4C20DF91AB9A2EC00A911B5 /* WildlandsTests.xctest */,
			);
			name = Products;
			sourceTree = "<group>";
		};
		E4C20DE61AB9A2EC00A911B5 /* Wildlands */ = {
			isa = PBXGroup;
			children = (
				E438098E1B0CC2A70030B792 /* Particles */,
				E44FE9201ADE6A48006DD395 /* GPS Test Locations */,
				E44FE8F21ADD1FBF006DD395 /* ViewControllers */,
				E4EE3DCC1B165FDD007D5995 /* Views */,
				E430E7D81AC418F40036506D /* Frameworks */,
				E430E79A1AC408DF0036506D /* Fonts */,
				E4627FF81ABAE423003B9229 /* Images */,
				E4627FF71ABAE40D003B9229 /* Classes */,
				E4C20DE91AB9A2EC00A911B5 /* AppDelegate.swift */,
				E4C20DED1AB9A2EC00A911B5 /* Main.storyboard */,
				E4C20DF01AB9A2EC00A911B5 /* Images.xcassets */,
				E4C20DF21AB9A2EC00A911B5 /* LaunchScreen.xib */,
				E4C20DE71AB9A2EC00A911B5 /* Supporting Files */,
				E430E77C1AC1A4FE0036506D /* Localizable.strings */,
			);
			path = Wildlands;
			sourceTree = "<group>";
		};
		E4C20DE71AB9A2EC00A911B5 /* Supporting Files */ = {
			isa = PBXGroup;
			children = (
				E4C20DE81AB9A2EC00A911B5 /* Info.plist */,
			);
			name = "Supporting Files";
			sourceTree = "<group>";
		};
		E4C20DFC1AB9A2EC00A911B5 /* WildlandsTests */ = {
			isa = PBXGroup;
			children = (
				E4C20DFF1AB9A2EC00A911B5 /* WildlandsTests.swift */,
				E4C20DFD1AB9A2EC00A911B5 /* Supporting Files */,
			);
			path = WildlandsTests;
			sourceTree = "<group>";
		};
		E4C20DFD1AB9A2EC00A911B5 /* Supporting Files */ = {
			isa = PBXGroup;
			children = (
				E4C20DFE1AB9A2EC00A911B5 /* Info.plist */,
			);
			name = "Supporting Files";
			sourceTree = "<group>";
		};
		E4EE3D911B15BFF3007D5995 /* JSSAlertView */ = {
			isa = PBXGroup;
			children = (
				E4EE3D921B15C001007D5995 /* JSSAlertView.swift */,
			);
			name = JSSAlertView;
			sourceTree = "<group>";
		};
		E4EE3DC81B165DE8007D5995 /* Transitions */ = {
			isa = PBXGroup;
			children = (
				E4DEEB411AF0D0C5002B6434 /* NoAnimationSegue.swift */,
				E4DEEB511AF106DA002B6434 /* FadeTransitionSegue.swift */,
			);
			name = Transitions;
			sourceTree = "<group>";
		};
		E4EE3DC91B165E32007D5995 /* UI */ = {
			isa = PBXGroup;
			children = (
				E48FD5501AE91E59000C1CFA /* ContentPage.swift */,
				E4627FF51ABAE1CD003B9229 /* Colors.swift */,
				E430E79D1AC409550036506D /* Fonts.swift */,
				E4AA960A1B0A09C400B3AAC3 /* WildlandsButton.swift */,
				E43809801B0CA84A0030B792 /* WildlandsGradient.swift */,
			);
			name = UI;
			sourceTree = "<group>";
		};
		E4EE3DCA1B165EA3007D5995 /* Objects */ = {
			isa = PBXGroup;
			children = (
				E44FE8F31ADD20B1006DD395 /* Question.swift */,
				E438097C1B0B699B0030B792 /* Score.swift */,
				E4AA960C1B0A180C00B3AAC3 /* Level.swift */,
				E4C20E0D1AB9AAF600A911B5 /* Answer.swift */,
				E430E76A1AC18E9E0036506D /* Pinpoint.swift */,
			);
			name = Objects;
			sourceTree = "<group>";
		};
		E4EE3DCB1B165F29007D5995 /* Utils */ = {
			isa = PBXGroup;
			children = (
				E430E7741AC1A3540036506D /* JSONDownloader.swift */,
				E430E7D91AC41DA00036506D /* Utils.swift */,
				E44FE8F01ADD1F73006DD395 /* WildlandsGPS.swift */,
			);
			name = Utils;
			sourceTree = "<group>";
		};
		E4EE3DCC1B165FDD007D5995 /* Views */ = {
			isa = PBXGroup;
			children = (
				E4C190401AE7C4DD00FC2800 /* PopupView.swift */,
				E4C1903C1AE7A7ED00FC2800 /* ContentPageView.swift */,
			);
			name = Views;
			sourceTree = "<group>";
		};
		E4EE3DCD1B166237007D5995 /* Pinpoints */ = {
			isa = PBXGroup;
			children = (
				E44D75811AF3879A00EC9D5E /* Bio Mimicry-pin.png */,
				E4DEEB541AF11118002B6434 /* Materiaal-pin.png */,
				E4DEEB551AF11118002B6434 /* Water-pin.png */,
				E4DEEB561AF11118002B6434 /* Energie-pin.png */,
				E43809821B0CB2C00030B792 /* Dierenwelzijn-pin.png */,
			);
			name = Pinpoints;
			sourceTree = "<group>";
		};
		E4EE3DCE1B166592007D5995 /* Navigation */ = {
			isa = PBXGroup;
			children = (
				E4FE169E1B1478C1008E0278 /* back-button.png */,
				E4FE169F1B1478C1008E0278 /* quit-button.png */,
			);
			name = Navigation;
			sourceTree = "<group>";
		};
		E4EE3DCF1B16662F007D5995 /* Credits */ = {
			isa = PBXGroup;
			children = (
				E43809881B0CBE900030B792 /* Credits.png */,
			);
			name = Credits;
			sourceTree = "<group>";
		};
		E4EE3DD01B166664007D5995 /* Explorer */ = {
			isa = PBXGroup;
			children = (
				E44FE91B1ADD3BFD006DD395 /* spot.png */,
				E4FE16921B0F4FAB008E0278 /* plattegrondbgverkenning.jpg */,
			);
			name = Explorer;
			sourceTree = "<group>";
		};
		E4EEE5D01AEF9D3900920E85 /* View Elements */ = {
			isa = PBXGroup;
			children = (
				E4DEEB471AF0DAE7002B6434 /* stroke_green.png */,
				E4EEE5E91AEF9D9400920E85 /* element-01.png */,
				E4EEE5EA1AEF9D9400920E85 /* element-02.png */,
				E4EEE5EB1AEF9D9400920E85 /* element-03.png */,
				E4EEE5EC1AEF9D9400920E85 /* element-04.png */,
				E4EEE5ED1AEF9D9400920E85 /* element-05.png */,
				E4EEE5EE1AEF9D9400920E85 /* element-06.png */,
				E4EEE5EF1AEF9D9400920E85 /* element-07.png */,
				E4EEE5F01AEF9D9400920E85 /* element-08.png */,
				E4EEE5F11AEF9D9400920E85 /* element-09.png */,
				E4EEE5F21AEF9D9400920E85 /* element-10.png */,
				E4EEE5F31AEF9D9400920E85 /* element-11.png */,
				E4EEE5F41AEF9D9400920E85 /* element-12.png */,
				E4EEE6011AEF9E6100920E85 /* element-01-180.png */,
				E438097E1B0C90130030B792 /* element-dierenwelzijn.png */,
				E43809861B0CB44E0030B792 /* element-fadebg.png */,
				E4FE16961B0F592F008E0278 /* element-fadebggrey.png */,
				E44FE8F81ADD2117006DD395 /* bushbush.png */,
				E44FE8F91ADD2117006DD395 /* iceicebaby.png */,
				E44FE8FC1ADD2117006DD395 /* logo_wildlands.png */,
			);
			name = "View Elements";
			sourceTree = "<group>";
		};
		E4EEE6071AEFB19E00920E85 /* Buttons */ = {
			isa = PBXGroup;
			children = (
				E4EEE6081AEFB1A700920E85 /* energie-button.png */,
				E4EEE6091AEFB1A700920E85 /* water-button.png */,
				E4EEE60A1AEFB1A700920E85 /* materialen-button.png */,
				E4EEE60B1AEFB1A700920E85 /* biomimicry-button.png */,
				E4AA96021B09FFEA00B3AAC3 /* dierenwelzijn-button.png */,
				E4EEE60C1AEFB1A700920E85 /* default-button.png */,
				E4EEE60D1AEFB1A700920E85 /* black-button.png */,
			);
			name = Buttons;
			sourceTree = "<group>";
		};
		E4FD960A1AFFB6AA007EFB0A /* Clock */ = {
			isa = PBXGroup;
			children = (
				E4FD960B1AFFB6B7007EFB0A /* AnalogClockHandView.swift */,
				E4FD960C1AFFB6B7007EFB0A /* AnalogClockView.swift */,
			);
			name = Clock;
			sourceTree = "<group>";
		};
		E4FE16941B0F5683008E0278 /* Explorer */ = {
			isa = PBXGroup;
			children = (
				E4B6E6701AEA4D1D0033CD3A /* ChooseSubjectViewController.swift */,
				E430E7661AC17D7C0036506D /* KaartViewController.swift */,
			);
			name = Explorer;
			sourceTree = "<group>";
		};
/* End PBXGroup section */

/* Begin PBXNativeTarget section */
		E4C20DE31AB9A2EC00A911B5 /* Wildlands */ = {
			isa = PBXNativeTarget;
			buildConfigurationList = E4C20E031AB9A2EC00A911B5 /* Build configuration list for PBXNativeTarget "Wildlands" */;
			buildPhases = (
				87A542D829967AB97F3BC23C /* Check Pods Manifest.lock */,
				E4C20DE01AB9A2EC00A911B5 /* Sources */,
				E4C20DE11AB9A2EC00A911B5 /* Frameworks */,
				E4C20DE21AB9A2EC00A911B5 /* Resources */,
				1470B21F1869D15D3DAB755A /* Copy Pods Resources */,
				486A274C6F7609FE9B19BCCA /* Embed Pods Frameworks */,
			);
			buildRules = (
			);
			dependencies = (
			);
			name = Wildlands;
			productName = Wildlands;
			productReference = E4C20DE41AB9A2EC00A911B5 /* Wildlands.app */;
			productType = "com.apple.product-type.application";
		};
		E4C20DF81AB9A2EC00A911B5 /* WildlandsTests */ = {
			isa = PBXNativeTarget;
			buildConfigurationList = E4C20E061AB9A2EC00A911B5 /* Build configuration list for PBXNativeTarget "WildlandsTests" */;
			buildPhases = (
				E4C20DF51AB9A2EC00A911B5 /* Sources */,
				E4C20DF61AB9A2EC00A911B5 /* Frameworks */,
				E4C20DF71AB9A2EC00A911B5 /* Resources */,
			);
			buildRules = (
			);
			dependencies = (
				E4C20DFB1AB9A2EC00A911B5 /* PBXTargetDependency */,
			);
			name = WildlandsTests;
			productName = WildlandsTests;
			productReference = E4C20DF91AB9A2EC00A911B5 /* WildlandsTests.xctest */;
			productType = "com.apple.product-type.bundle.unit-test";
		};
/* End PBXNativeTarget section */

/* Begin PBXProject section */
		E4C20DDC1AB9A2EB00A911B5 /* Project object */ = {
			isa = PBXProject;
			attributes = {
				LastUpgradeCheck = 0620;
				ORGANIZATIONNAME = INF2A;
				TargetAttributes = {
					E4C20DE31AB9A2EC00A911B5 = {
						CreatedOnToolsVersion = 6.2;
						DevelopmentTeam = K8545XK74J;
						SystemCapabilities = {
							com.apple.BackgroundModes = {
								enabled = 1;
							};
						};
					};
					E4C20DF81AB9A2EC00A911B5 = {
						CreatedOnToolsVersion = 6.2;
						TestTargetID = E4C20DE31AB9A2EC00A911B5;
					};
				};
			};
			buildConfigurationList = E4C20DDF1AB9A2EB00A911B5 /* Build configuration list for PBXProject "Wildlands" */;
			compatibilityVersion = "Xcode 3.2";
			developmentRegion = English;
			hasScannedForEncodings = 0;
			knownRegions = (
				Base,
				nl,
			);
			mainGroup = E4C20DDB1AB9A2EB00A911B5;
			productRefGroup = E4C20DE51AB9A2EC00A911B5 /* Products */;
			projectDirPath = "";
			projectRoot = "";
			targets = (
				E4C20DE31AB9A2EC00A911B5 /* Wildlands */,
				E4C20DF81AB9A2EC00A911B5 /* WildlandsTests */,
			);
		};
/* End PBXProject section */

/* Begin PBXResourcesBuildPhase section */
		E4C20DE21AB9A2EC00A911B5 /* Resources */ = {
			isa = PBXResourcesBuildPhase;
			buildActionMask = 2147483647;
			files = (
				E44FE91C1ADD3BFD006DD395 /* spot.png in Resources */,
				E4C84D521AEF8DB600A208EF /* speedletter-regular.ttf in Resources */,
				E4EEE6021AEF9E6100920E85 /* element-01-180.png in Resources */,
				E4EEE5FA1AEF9D9400920E85 /* element-06.png in Resources */,
				E43809791B0B573D0030B792 /* score-water.png in Resources */,
				E44FE9261ADE7AF4006DD395 /* stenden-2.gpx in Resources */,
				E44FE90B1ADD2117006DD395 /* bushbush.png in Resources */,
				E4DEEB581AF11118002B6434 /* Materiaal-pin.png in Resources */,
				E4EE3D971B15C997007D5995 /* Roboto-Thin.ttf in Resources */,
				E4EEE5FC1AEF9D9400920E85 /* element-08.png in Resources */,
				E4EEE5FE1AEF9D9400920E85 /* element-10.png in Resources */,
				E4EE3D961B15C997007D5995 /* Roboto-Bold.ttf in Resources */,
				E43809921B0CC2B40030B792 /* spark.png in Resources */,
				E4DEEB481AF0DAE7002B6434 /* stroke_green.png in Resources */,
				E4EEE6101AEFB1A700920E85 /* materialen-button.png in Resources */,
				E44D75761AF3870000EC9D5E /* Water-header.png in Resources */,
				E4EEE5FD1AEF9D9400920E85 /* element-09.png in Resources */,
				E4FE16A01B1478C1008E0278 /* back-button.png in Resources */,
				E44FE9221ADE6A66006DD395 /* TestGPS.gpx in Resources */,
				E4EEE60E1AEFB1A700920E85 /* energie-button.png in Resources */,
				E4FE16931B0F4FAB008E0278 /* plattegrondbgverkenning.jpg in Resources */,
				E4C84D501AEF87E500A208EF /* wildlands-regular.ttf in Resources */,
				E44FE90C1ADD2117006DD395 /* iceicebaby.png in Resources */,
				E4C20DEF1AB9A2EC00A911B5 /* Main.storyboard in Resources */,
				E44D75751AF3870000EC9D5E /* Materiaal-header.png in Resources */,
				E438097B1B0B573D0030B792 /* score-dierenwelzijn.png in Resources */,
				E4EE3D991B15D472007D5995 /* fontawesome-webfont.ttf in Resources */,
				E4DEEB591AF11118002B6434 /* Water-pin.png in Resources */,
				E43809781B0B573D0030B792 /* score-energie.png in Resources */,
				E438097F1B0C90130030B792 /* element-dierenwelzijn.png in Resources */,
				E43809831B0CB2C00030B792 /* Dierenwelzijn-pin.png in Resources */,
				E4AA96051B0A067600B3AAC3 /* Dierenwelzijn-header.png in Resources */,
				E44FE90F1ADD2117006DD395 /* logo_wildlands.png in Resources */,
				E4EEE5FB1AEF9D9400920E85 /* element-07.png in Resources */,
				E4AA96071B0A068600B3AAC3 /* Dierenwelzijn-close.png in Resources */,
				E4EEE6121AEFB1A700920E85 /* default-button.png in Resources */,
				E438097A1B0B573D0030B792 /* score-materialen.png in Resources */,
				E44D75741AF3870000EC9D5E /* Bio Mimicry-header.png in Resources */,
				E43809771B0B573D0030B792 /* score-biomimicry.png in Resources */,
				E4EEE5FF1AEF9D9400920E85 /* element-11.png in Resources */,
				E430E77A1AC1A4FE0036506D /* Localizable.strings in Resources */,
				E430E79C1AC408EA0036506D /* Roboto-Regular.ttf in Resources */,
				E4EEE6111AEFB1A700920E85 /* biomimicry-button.png in Resources */,
				E4EEE6131AEFB1A700920E85 /* black-button.png in Resources */,
				E4EEE6001AEF9D9400920E85 /* element-12.png in Resources */,
				E4EEE5F71AEF9D9400920E85 /* element-03.png in Resources */,
				E44D75821AF3879A00EC9D5E /* Bio Mimicry-pin.png in Resources */,
				E44FE9241ADE7880006DD395 /* stenden.gpx in Resources */,
				E43809911B0CC2B40030B792 /* ButtonParticles.sks in Resources */,
				E4AA96031B09FFEA00B3AAC3 /* dierenwelzijn-button.png in Resources */,
				E4EEE5F51AEF9D9400920E85 /* element-01.png in Resources */,
				E4FE16971B0F592F008E0278 /* element-fadebggrey.png in Resources */,
				E4C20DF41AB9A2EC00A911B5 /* LaunchScreen.xib in Resources */,
				E4FE16A11B1478C1008E0278 /* quit-button.png in Resources */,
				E4EEE5F61AEF9D9400920E85 /* element-02.png in Resources */,
				E43809871B0CB44E0030B792 /* element-fadebg.png in Resources */,
				E43809891B0CBE900030B792 /* Credits.png in Resources */,
				E4EEE5F91AEF9D9400920E85 /* element-05.png in Resources */,
				E4C20DF11AB9A2EC00A911B5 /* Images.xcassets in Resources */,
				E4DEEB5A1AF11118002B6434 /* Energie-pin.png in Resources */,
				E44D75801AF3876200EC9D5E /* Energie-close.png in Resources */,
				E44D757E1AF3876200EC9D5E /* Materiaal-close.png in Resources */,
				E4EEE60F1AEFB1A700920E85 /* water-button.png in Resources */,
				E44D757D1AF3876200EC9D5E /* Bio Mimicry-close.png in Resources */,
				E44D757F1AF3876200EC9D5E /* Water-close.png in Resources */,
				E4EEE5F81AEF9D9400920E85 /* element-04.png in Resources */,
				E44D75771AF3870000EC9D5E /* Energie-header.png in Resources */,
			);
			runOnlyForDeploymentPostprocessing = 0;
		};
		E4C20DF71AB9A2EC00A911B5 /* Resources */ = {
			isa = PBXResourcesBuildPhase;
			buildActionMask = 2147483647;
			files = (
			);
			runOnlyForDeploymentPostprocessing = 0;
		};
/* End PBXResourcesBuildPhase section */

/* Begin PBXShellScriptBuildPhase section */
		1470B21F1869D15D3DAB755A /* Copy Pods Resources */ = {
			isa = PBXShellScriptBuildPhase;
			buildActionMask = 2147483647;
			files = (
			);
			inputPaths = (
			);
			name = "Copy Pods Resources";
			outputPaths = (
			);
			runOnlyForDeploymentPostprocessing = 0;
			shellPath = /bin/sh;
			shellScript = "\"${SRCROOT}/Pods/Target Support Files/Pods-Wildlands/Pods-Wildlands-resources.sh\"\n";
			showEnvVarsInLog = 0;
		};
		486A274C6F7609FE9B19BCCA /* Embed Pods Frameworks */ = {
			isa = PBXShellScriptBuildPhase;
			buildActionMask = 2147483647;
			files = (
			);
			inputPaths = (
			);
			name = "Embed Pods Frameworks";
			outputPaths = (
			);
			runOnlyForDeploymentPostprocessing = 0;
			shellPath = /bin/sh;
			shellScript = "\"${SRCROOT}/Pods/Target Support Files/Pods-Wildlands/Pods-Wildlands-frameworks.sh\"\n";
			showEnvVarsInLog = 0;
		};
		87A542D829967AB97F3BC23C /* Check Pods Manifest.lock */ = {
			isa = PBXShellScriptBuildPhase;
			buildActionMask = 2147483647;
			files = (
			);
			inputPaths = (
			);
			name = "Check Pods Manifest.lock";
			outputPaths = (
			);
			runOnlyForDeploymentPostprocessing = 0;
			shellPath = /bin/sh;
			shellScript = "diff \"${PODS_ROOT}/../Podfile.lock\" \"${PODS_ROOT}/Manifest.lock\" > /dev/null\nif [[ $? != 0 ]] ; then\n    cat << EOM\nerror: The sandbox is not in sync with the Podfile.lock. Run 'pod install' or update your CocoaPods installation.\nEOM\n    exit 1\nfi\n";
			showEnvVarsInLog = 0;
		};
/* End PBXShellScriptBuildPhase section */

/* Begin PBXSourcesBuildPhase section */
		E4C20DE01AB9A2EC00A911B5 /* Sources */ = {
			isa = PBXSourcesBuildPhase;
			buildActionMask = 2147483647;
			files = (
				E4EE3D931B15C001007D5995 /* JSSAlertView.swift in Sources */,
				E48FD5511AE91E59000C1CFA /* ContentPage.swift in Sources */,
				E4EEE6041AEF9FC700920E85 /* StartViewController.swift in Sources */,
				E4C1903D1AE7A7ED00FC2800 /* ContentPageView.swift in Sources */,
				E4FD960E1AFFB6B7007EFB0A /* AnalogClockView.swift in Sources */,
				E4DEEB4C1AF0E8EE002B6434 /* JoinQuizViewController.swift in Sources */,
				E4DEEB421AF0D0C5002B6434 /* NoAnimationSegue.swift in Sources */,
				E4AA96011B09FB7A00B3AAC3 /* ChooseDoelgroepViewController.swift in Sources */,
				E430E7DA1AC41DA00036506D /* Utils.swift in Sources */,
				E4C190411AE7C4DD00FC2800 /* PopupView.swift in Sources */,
				E430E7751AC1A3540036506D /* JSONDownloader.swift in Sources */,
				E44FE8F41ADD20B1006DD395 /* Question.swift in Sources */,
				E4627FF61ABAE1CD003B9229 /* Colors.swift in Sources */,
				E4DEEB501AF0F902002B6434 /* GenerateQuizViewController.swift in Sources */,
				E4DEEB4A1AF0E201002B6434 /* QuizChooseViewController.swift in Sources */,
				E44FE8F11ADD1F73006DD395 /* WildlandsGPS.swift in Sources */,
				E4DEEB521AF106DA002B6434 /* FadeTransitionSegue.swift in Sources */,
				E43809811B0CA84A0030B792 /* WildlandsGradient.swift in Sources */,
				E4C20E0C1AB9AA2900A911B5 /* QuizViewController.swift in Sources */,
				E4A6406C1B028BD0003E2CEC /* QuizDidEndViewController.swift in Sources */,
				E4FD960D1AFFB6B7007EFB0A /* AnalogClockHandView.swift in Sources */,
				E4B6E6711AEA4D1D0033CD3A /* ChooseSubjectViewController.swift in Sources */,
				E4AA960D1B0A180C00B3AAC3 /* Level.swift in Sources */,
				E4FAE6CB1B01F9490061F9D1 /* QuizScoreViewController.swift in Sources */,
				E4C20DEA1AB9A2EC00A911B5 /* AppDelegate.swift in Sources */,
				E438097D1B0B699B0030B792 /* Score.swift in Sources */,
				E430E79E1AC409550036506D /* Fonts.swift in Sources */,
				E430E7671AC17D7C0036506D /* KaartViewController.swift in Sources */,
				E4FE16911B0F4B5B008E0278 /* CreditsViewController.swift in Sources */,
				E495EB3A1B00D37000C136C7 /* QuizBeforeStartViewController.swift in Sources */,
				E4C20E0E1AB9AAF600A911B5 /* Answer.swift in Sources */,
				E4FAE6CD1B0216CB0061F9D1 /* QuizSendScoreViewController.swift in Sources */,
				E4DEEB4E1AF0F4A4002B6434 /* WaitForQuizStartViewController.swift in Sources */,
				E44D75841AF3A7C400EC9D5E /* DownloadViewController.swift in Sources */,
				E4AA960B1B0A09C400B3AAC3 /* WildlandsButton.swift in Sources */,
				E430E76B1AC18E9E0036506D /* Pinpoint.swift in Sources */,
			);
			runOnlyForDeploymentPostprocessing = 0;
		};
		E4C20DF51AB9A2EC00A911B5 /* Sources */ = {
			isa = PBXSourcesBuildPhase;
			buildActionMask = 2147483647;
			files = (
				E4C20E001AB9A2EC00A911B5 /* WildlandsTests.swift in Sources */,
			);
			runOnlyForDeploymentPostprocessing = 0;
		};
/* End PBXSourcesBuildPhase section */

/* Begin PBXTargetDependency section */
		E4C20DFB1AB9A2EC00A911B5 /* PBXTargetDependency */ = {
			isa = PBXTargetDependency;
			target = E4C20DE31AB9A2EC00A911B5 /* Wildlands */;
			targetProxy = E4C20DFA1AB9A2EC00A911B5 /* PBXContainerItemProxy */;
		};
/* End PBXTargetDependency section */

/* Begin PBXVariantGroup section */
		E430E77C1AC1A4FE0036506D /* Localizable.strings */ = {
			isa = PBXVariantGroup;
			children = (
				E430E77B1AC1A4FE0036506D /* Base */,
				E430E77D1AC1A4FF0036506D /* nl */,
			);
			name = Localizable.strings;
			sourceTree = "<group>";
		};
		E4C20DED1AB9A2EC00A911B5 /* Main.storyboard */ = {
			isa = PBXVariantGroup;
			children = (
				E4C20DEE1AB9A2EC00A911B5 /* Base */,
				E430E7761AC1A3D70036506D /* nl */,
			);
			name = Main.storyboard;
			sourceTree = "<group>";
		};
		E4C20DF21AB9A2EC00A911B5 /* LaunchScreen.xib */ = {
			isa = PBXVariantGroup;
			children = (
				E4C20DF31AB9A2EC00A911B5 /* Base */,
				E430E7771AC1A3D70036506D /* nl */,
			);
			name = LaunchScreen.xib;
			sourceTree = "<group>";
		};
/* End PBXVariantGroup section */

/* Begin XCBuildConfiguration section */
		E4C20E011AB9A2EC00A911B5 /* Debug */ = {
			isa = XCBuildConfiguration;
			buildSettings = {
				ALWAYS_SEARCH_USER_PATHS = NO;
				CLANG_CXX_LANGUAGE_STANDARD = "gnu++0x";
				CLANG_CXX_LIBRARY = "libc++";
				CLANG_ENABLE_MODULES = YES;
				CLANG_ENABLE_OBJC_ARC = YES;
				CLANG_WARN_BOOL_CONVERSION = YES;
				CLANG_WARN_CONSTANT_CONVERSION = YES;
				CLANG_WARN_DIRECT_OBJC_ISA_USAGE = YES_ERROR;
				CLANG_WARN_EMPTY_BODY = YES;
				CLANG_WARN_ENUM_CONVERSION = YES;
				CLANG_WARN_INT_CONVERSION = YES;
				CLANG_WARN_OBJC_ROOT_CLASS = YES_ERROR;
				CLANG_WARN_UNREACHABLE_CODE = YES;
				CLANG_WARN__DUPLICATE_METHOD_MATCH = YES;
				"CODE_SIGN_IDENTITY[sdk=iphoneos*]" = "iPhone Developer";
				COPY_PHASE_STRIP = NO;
				ENABLE_STRICT_OBJC_MSGSEND = YES;
				GCC_C_LANGUAGE_STANDARD = gnu99;
				GCC_DYNAMIC_NO_PIC = NO;
				GCC_OPTIMIZATION_LEVEL = 0;
				GCC_PREPROCESSOR_DEFINITIONS = (
					"DEBUG=1",
					"$(inherited)",
				);
				GCC_SYMBOLS_PRIVATE_EXTERN = NO;
				GCC_WARN_64_TO_32_BIT_CONVERSION = YES;
				GCC_WARN_ABOUT_RETURN_TYPE = YES_ERROR;
				GCC_WARN_UNDECLARED_SELECTOR = YES;
				GCC_WARN_UNINITIALIZED_AUTOS = YES_AGGRESSIVE;
				GCC_WARN_UNUSED_FUNCTION = YES;
				GCC_WARN_UNUSED_VARIABLE = YES;
				IPHONEOS_DEPLOYMENT_TARGET = 8.0;
				MTL_ENABLE_DEBUG_INFO = YES;
				ONLY_ACTIVE_ARCH = YES;
				SDKROOT = iphoneos;
				SWIFT_OPTIMIZATION_LEVEL = "-Onone";
			};
			name = Debug;
		};
		E4C20E021AB9A2EC00A911B5 /* Release */ = {
			isa = XCBuildConfiguration;
			buildSettings = {
				ALWAYS_SEARCH_USER_PATHS = NO;
				CLANG_CXX_LANGUAGE_STANDARD = "gnu++0x";
				CLANG_CXX_LIBRARY = "libc++";
				CLANG_ENABLE_MODULES = YES;
				CLANG_ENABLE_OBJC_ARC = YES;
				CLANG_WARN_BOOL_CONVERSION = YES;
				CLANG_WARN_CONSTANT_CONVERSION = YES;
				CLANG_WARN_DIRECT_OBJC_ISA_USAGE = YES_ERROR;
				CLANG_WARN_EMPTY_BODY = YES;
				CLANG_WARN_ENUM_CONVERSION = YES;
				CLANG_WARN_INT_CONVERSION = YES;
				CLANG_WARN_OBJC_ROOT_CLASS = YES_ERROR;
				CLANG_WARN_UNREACHABLE_CODE = YES;
				CLANG_WARN__DUPLICATE_METHOD_MATCH = YES;
				"CODE_SIGN_IDENTITY[sdk=iphoneos*]" = "iPhone Developer";
				COPY_PHASE_STRIP = NO;
				ENABLE_NS_ASSERTIONS = NO;
				ENABLE_STRICT_OBJC_MSGSEND = YES;
				GCC_C_LANGUAGE_STANDARD = gnu99;
				GCC_WARN_64_TO_32_BIT_CONVERSION = YES;
				GCC_WARN_ABOUT_RETURN_TYPE = YES_ERROR;
				GCC_WARN_UNDECLARED_SELECTOR = YES;
				GCC_WARN_UNINITIALIZED_AUTOS = YES_AGGRESSIVE;
				GCC_WARN_UNUSED_FUNCTION = YES;
				GCC_WARN_UNUSED_VARIABLE = YES;
				IPHONEOS_DEPLOYMENT_TARGET = 8.0;
				MTL_ENABLE_DEBUG_INFO = NO;
				SDKROOT = iphoneos;
				VALIDATE_PRODUCT = YES;
			};
			name = Release;
		};
		E4C20E041AB9A2EC00A911B5 /* Debug */ = {
			isa = XCBuildConfiguration;
			baseConfigurationReference = 4E5E0BD42386D9869A092966 /* Pods-Wildlands.debug.xcconfig */;
			buildSettings = {
				ASSETCATALOG_COMPILER_APPICON_NAME = AppIcon;
				ASSETCATALOG_COMPILER_LAUNCHIMAGE_NAME = LaunchImage;
				CODE_SIGN_IDENTITY = "iPhone Developer";
				"CODE_SIGN_IDENTITY[sdk=iphoneos*]" = "iPhone Developer";
				INFOPLIST_FILE = Wildlands/Info.plist;
				IPHONEOS_DEPLOYMENT_TARGET = 8.0;
				LD_RUNPATH_SEARCH_PATHS = "$(inherited) @executable_path/Frameworks";
				OTHER_LDFLAGS = (
					"$(inherited)",
					"-ObjC",
				);
				PRODUCT_NAME = "$(TARGET_NAME)";
				PROVISIONING_PROFILE = "";
				SWIFT_OBJC_BRIDGING_HEADER = "";
			};
			name = Debug;
		};
		E4C20E051AB9A2EC00A911B5 /* Release */ = {
			isa = XCBuildConfiguration;
			baseConfigurationReference = 69867EA9EFE0C4C6D1D1BE2B /* Pods-Wildlands.release.xcconfig */;
			buildSettings = {
				ASSETCATALOG_COMPILER_APPICON_NAME = AppIcon;
				ASSETCATALOG_COMPILER_LAUNCHIMAGE_NAME = LaunchImage;
				CODE_SIGN_IDENTITY = "iPhone Developer";
				"CODE_SIGN_IDENTITY[sdk=iphoneos*]" = "iPhone Developer";
				INFOPLIST_FILE = Wildlands/Info.plist;
				IPHONEOS_DEPLOYMENT_TARGET = 8.0;
				LD_RUNPATH_SEARCH_PATHS = "$(inherited) @executable_path/Frameworks";
				OTHER_LDFLAGS = (
					"$(inherited)",
					"-ObjC",
				);
				PRODUCT_NAME = "$(TARGET_NAME)";
				PROVISIONING_PROFILE = "";
				SWIFT_OBJC_BRIDGING_HEADER = "";
			};
			name = Release;
		};
		E4C20E071AB9A2EC00A911B5 /* Debug */ = {
			isa = XCBuildConfiguration;
			buildSettings = {
				BUNDLE_LOADER = "$(TEST_HOST)";
				FRAMEWORK_SEARCH_PATHS = (
					"$(SDKROOT)/Developer/Library/Frameworks",
					"$(inherited)",
				);
				GCC_PREPROCESSOR_DEFINITIONS = (
					"DEBUG=1",
					"$(inherited)",
				);
				INFOPLIST_FILE = WildlandsTests/Info.plist;
				LD_RUNPATH_SEARCH_PATHS = "$(inherited) @executable_path/Frameworks @loader_path/Frameworks";
				PRODUCT_NAME = "$(TARGET_NAME)";
				TEST_HOST = "$(BUILT_PRODUCTS_DIR)/Wildlands.app/Wildlands";
			};
			name = Debug;
		};
		E4C20E081AB9A2EC00A911B5 /* Release */ = {
			isa = XCBuildConfiguration;
			buildSettings = {
				BUNDLE_LOADER = "$(TEST_HOST)";
				FRAMEWORK_SEARCH_PATHS = (
					"$(SDKROOT)/Developer/Library/Frameworks",
					"$(inherited)",
				);
				INFOPLIST_FILE = WildlandsTests/Info.plist;
				LD_RUNPATH_SEARCH_PATHS = "$(inherited) @executable_path/Frameworks @loader_path/Frameworks";
				PRODUCT_NAME = "$(TARGET_NAME)";
				TEST_HOST = "$(BUILT_PRODUCTS_DIR)/Wildlands.app/Wildlands";
			};
			name = Release;
		};
/* End XCBuildConfiguration section */

/* Begin XCConfigurationList section */
		E4C20DDF1AB9A2EB00A911B5 /* Build configuration list for PBXProject "Wildlands" */ = {
			isa = XCConfigurationList;
			buildConfigurations = (
				E4C20E011AB9A2EC00A911B5 /* Debug */,
				E4C20E021AB9A2EC00A911B5 /* Release */,
			);
			defaultConfigurationIsVisible = 0;
			defaultConfigurationName = Release;
		};
		E4C20E031AB9A2EC00A911B5 /* Build configuration list for PBXNativeTarget "Wildlands" */ = {
			isa = XCConfigurationList;
			buildConfigurations = (
				E4C20E041AB9A2EC00A911B5 /* Debug */,
				E4C20E051AB9A2EC00A911B5 /* Release */,
			);
			defaultConfigurationIsVisible = 0;
			defaultConfigurationName = Release;
		};
		E4C20E061AB9A2EC00A911B5 /* Build configuration list for PBXNativeTarget "WildlandsTests" */ = {
			isa = XCConfigurationList;
			buildConfigurations = (
				E4C20E071AB9A2EC00A911B5 /* Debug */,
				E4C20E081AB9A2EC00A911B5 /* Release */,
			);
			defaultConfigurationIsVisible = 0;
			defaultConfigurationName = Release;
		};
/* End XCConfigurationList section */
	};
	rootObject = E4C20DDC1AB9A2EB00A911B5 /* Project object */;
}
