// !$*UTF8*$!
{
	archiveVersion = 1;
	classes = {
	};
	objectVersion = 46;
	objects = {

/* Begin PBXBuildFile section */
		E430E7671AC17D7C0036506D /* KaartViewController.swift in Sources */ = {isa = PBXBuildFile; fileRef = E430E7661AC17D7C0036506D /* KaartViewController.swift */; };
		E430E76B1AC18E9E0036506D /* Pinpoint.swift in Sources */ = {isa = PBXBuildFile; fileRef = E430E76A1AC18E9E0036506D /* Pinpoint.swift */; };
		E430E7751AC1A3540036506D /* JSONDownloader.swift in Sources */ = {isa = PBXBuildFile; fileRef = E430E7741AC1A3540036506D /* JSONDownloader.swift */; };
		E430E77A1AC1A4FE0036506D /* Localizable.strings in Resources */ = {isa = PBXBuildFile; fileRef = E430E77C1AC1A4FE0036506D /* Localizable.strings */; };
		E430E79C1AC408EA0036506D /* Roboto-Regular.ttf in Resources */ = {isa = PBXBuildFile; fileRef = E430E79B1AC408EA0036506D /* Roboto-Regular.ttf */; };
		E430E79E1AC409550036506D /* Fonts.swift in Sources */ = {isa = PBXBuildFile; fileRef = E430E79D1AC409550036506D /* Fonts.swift */; };
		E430E7C61AC418CD0036506D /* MKAnnotationView+WebCache.m in Sources */ = {isa = PBXBuildFile; fileRef = E430E7A61AC418CD0036506D /* MKAnnotationView+WebCache.m */; };
		E430E7C71AC418CD0036506D /* NSData+ImageContentType.m in Sources */ = {isa = PBXBuildFile; fileRef = E430E7A81AC418CD0036506D /* NSData+ImageContentType.m */; };
		E430E7C81AC418CD0036506D /* SDImageCache.m in Sources */ = {isa = PBXBuildFile; fileRef = E430E7AA1AC418CD0036506D /* SDImageCache.m */; };
		E430E7C91AC418CD0036506D /* SDWebImageCompat.m in Sources */ = {isa = PBXBuildFile; fileRef = E430E7AC1AC418CD0036506D /* SDWebImageCompat.m */; };
		E430E7CA1AC418CD0036506D /* SDWebImageDecoder.m in Sources */ = {isa = PBXBuildFile; fileRef = E430E7AE1AC418CD0036506D /* SDWebImageDecoder.m */; };
		E430E7CB1AC418CD0036506D /* SDWebImageDownloader.m in Sources */ = {isa = PBXBuildFile; fileRef = E430E7B01AC418CD0036506D /* SDWebImageDownloader.m */; };
		E430E7CC1AC418CD0036506D /* SDWebImageDownloaderOperation.m in Sources */ = {isa = PBXBuildFile; fileRef = E430E7B21AC418CD0036506D /* SDWebImageDownloaderOperation.m */; };
		E430E7CD1AC418CD0036506D /* SDWebImageManager.m in Sources */ = {isa = PBXBuildFile; fileRef = E430E7B41AC418CD0036506D /* SDWebImageManager.m */; };
		E430E7CE1AC418CD0036506D /* SDWebImagePrefetcher.m in Sources */ = {isa = PBXBuildFile; fileRef = E430E7B71AC418CD0036506D /* SDWebImagePrefetcher.m */; };
		E430E7CF1AC418CD0036506D /* UIButton+WebCache.m in Sources */ = {isa = PBXBuildFile; fileRef = E430E7B91AC418CD0036506D /* UIButton+WebCache.m */; };
		E430E7D01AC418CD0036506D /* UIImage+GIF.m in Sources */ = {isa = PBXBuildFile; fileRef = E430E7BB1AC418CD0036506D /* UIImage+GIF.m */; };
		E430E7D11AC418CD0036506D /* UIImage+MultiFormat.m in Sources */ = {isa = PBXBuildFile; fileRef = E430E7BD1AC418CD0036506D /* UIImage+MultiFormat.m */; };
		E430E7D21AC418CD0036506D /* UIImage+WebP.m in Sources */ = {isa = PBXBuildFile; fileRef = E430E7BF1AC418CD0036506D /* UIImage+WebP.m */; };
		E430E7D31AC418CD0036506D /* UIImageView+HighlightedWebCache.m in Sources */ = {isa = PBXBuildFile; fileRef = E430E7C11AC418CD0036506D /* UIImageView+HighlightedWebCache.m */; };
		E430E7D41AC418CD0036506D /* UIImageView+WebCache.m in Sources */ = {isa = PBXBuildFile; fileRef = E430E7C31AC418CD0036506D /* UIImageView+WebCache.m */; };
		E430E7D51AC418CD0036506D /* UIView+WebCacheOperation.m in Sources */ = {isa = PBXBuildFile; fileRef = E430E7C51AC418CD0036506D /* UIView+WebCacheOperation.m */; };
		E430E7D71AC418E60036506D /* ImageIO.framework in Frameworks */ = {isa = PBXBuildFile; fileRef = E430E7D61AC418E60036506D /* ImageIO.framework */; };
		E430E7DA1AC41DA00036506D /* Utils.swift in Sources */ = {isa = PBXBuildFile; fileRef = E430E7D91AC41DA00036506D /* Utils.swift */; };
		E44D75741AF3870000EC9D5E /* Bio Mimicry-header.png in Resources */ = {isa = PBXBuildFile; fileRef = E44D75701AF3870000EC9D5E /* Bio Mimicry-header.png */; };
		E44D75751AF3870000EC9D5E /* Materiaal-header.png in Resources */ = {isa = PBXBuildFile; fileRef = E44D75711AF3870000EC9D5E /* Materiaal-header.png */; };
		E44D75761AF3870000EC9D5E /* Water-header.png in Resources */ = {isa = PBXBuildFile; fileRef = E44D75721AF3870000EC9D5E /* Water-header.png */; };
		E44D75771AF3870000EC9D5E /* Energie-header.png in Resources */ = {isa = PBXBuildFile; fileRef = E44D75731AF3870000EC9D5E /* Energie-header.png */; };
		E44D757D1AF3876200EC9D5E /* Bio Mimicry-close.png in Resources */ = {isa = PBXBuildFile; fileRef = E44D75791AF3876200EC9D5E /* Bio Mimicry-close.png */; };
		E44D757E1AF3876200EC9D5E /* Materiaal-close.png in Resources */ = {isa = PBXBuildFile; fileRef = E44D757A1AF3876200EC9D5E /* Materiaal-close.png */; };
		E44D757F1AF3876200EC9D5E /* Water-close.png in Resources */ = {isa = PBXBuildFile; fileRef = E44D757B1AF3876200EC9D5E /* Water-close.png */; };
		E44D75801AF3876200EC9D5E /* Energie-close.png in Resources */ = {isa = PBXBuildFile; fileRef = E44D757C1AF3876200EC9D5E /* Energie-close.png */; };
		E44D75821AF3879A00EC9D5E /* pinpoint-01.png in Resources */ = {isa = PBXBuildFile; fileRef = E44D75811AF3879A00EC9D5E /* pinpoint-01.png */; };
		E44D75841AF3A7C400EC9D5E /* DownloadViewController.swift in Sources */ = {isa = PBXBuildFile; fileRef = E44D75831AF3A7C400EC9D5E /* DownloadViewController.swift */; };
		E44FE8F11ADD1F73006DD395 /* WildlandsGPS.swift in Sources */ = {isa = PBXBuildFile; fileRef = E44FE8F01ADD1F73006DD395 /* WildlandsGPS.swift */; };
		E44FE8F41ADD20B1006DD395 /* Question.swift in Sources */ = {isa = PBXBuildFile; fileRef = E44FE8F31ADD20B1006DD395 /* Question.swift */; };
		E44FE9081ADD2117006DD395 /* background.jpg in Resources */ = {isa = PBXBuildFile; fileRef = E44FE8F51ADD2117006DD395 /* background.jpg */; };
		E44FE90B1ADD2117006DD395 /* bushbush.png in Resources */ = {isa = PBXBuildFile; fileRef = E44FE8F81ADD2117006DD395 /* bushbush.png */; };
		E44FE90C1ADD2117006DD395 /* iceicebaby.png in Resources */ = {isa = PBXBuildFile; fileRef = E44FE8F91ADD2117006DD395 /* iceicebaby.png */; };
		E44FE90D1ADD2117006DD395 /* kaart.jpg in Resources */ = {isa = PBXBuildFile; fileRef = E44FE8FA1ADD2117006DD395 /* kaart.jpg */; };
		E44FE90E1ADD2117006DD395 /* kaartView.jpg in Resources */ = {isa = PBXBuildFile; fileRef = E44FE8FB1ADD2117006DD395 /* kaartView.jpg */; };
		E44FE90F1ADD2117006DD395 /* logo_wildlands.png in Resources */ = {isa = PBXBuildFile; fileRef = E44FE8FC1ADD2117006DD395 /* logo_wildlands.png */; };
		E44FE9101ADD2117006DD395 /* olifanten.jpg in Resources */ = {isa = PBXBuildFile; fileRef = E44FE8FD1ADD2117006DD395 /* olifanten.jpg */; };
		E44FE91C1ADD3BFD006DD395 /* spot.png in Resources */ = {isa = PBXBuildFile; fileRef = E44FE91B1ADD3BFD006DD395 /* spot.png */; };
		E44FE91E1ADD4189006DD395 /* tempkaart.png in Resources */ = {isa = PBXBuildFile; fileRef = E44FE91D1ADD4189006DD395 /* tempkaart.png */; };
		E44FE9221ADE6A66006DD395 /* TestGPS.gpx in Resources */ = {isa = PBXBuildFile; fileRef = E44FE9211ADE6A66006DD395 /* TestGPS.gpx */; };
		E44FE9241ADE7880006DD395 /* stenden.gpx in Resources */ = {isa = PBXBuildFile; fileRef = E44FE9231ADE7880006DD395 /* stenden.gpx */; };
		E44FE9261ADE7AF4006DD395 /* stenden-2.gpx in Resources */ = {isa = PBXBuildFile; fileRef = E44FE9251ADE7AF4006DD395 /* stenden-2.gpx */; };
		E4627FF61ABAE1CD003B9229 /* Colors.swift in Sources */ = {isa = PBXBuildFile; fileRef = E4627FF51ABAE1CD003B9229 /* Colors.swift */; };
		E48FD5511AE91E59000C1CFA /* ContentPage.swift in Sources */ = {isa = PBXBuildFile; fileRef = E48FD5501AE91E59000C1CFA /* ContentPage.swift */; };
		E495EB3A1B00D37000C136C7 /* QuizBeforeStartViewController.swift in Sources */ = {isa = PBXBuildFile; fileRef = E495EB391B00D37000C136C7 /* QuizBeforeStartViewController.swift */; };
		E4A6406C1B028BD0003E2CEC /* QuizDidEndViewController.swift in Sources */ = {isa = PBXBuildFile; fileRef = E4A6406B1B028BD0003E2CEC /* QuizDidEndViewController.swift */; };
		E4B6E6711AEA4D1D0033CD3A /* ChooseSubjectViewController.swift in Sources */ = {isa = PBXBuildFile; fileRef = E4B6E6701AEA4D1D0033CD3A /* ChooseSubjectViewController.swift */; };
		E4C1903D1AE7A7ED00FC2800 /* ContentPageView.swift in Sources */ = {isa = PBXBuildFile; fileRef = E4C1903C1AE7A7ED00FC2800 /* ContentPageView.swift */; };
		E4C190411AE7C4DD00FC2800 /* PopupView.swift in Sources */ = {isa = PBXBuildFile; fileRef = E4C190401AE7C4DD00FC2800 /* PopupView.swift */; };
		E4C20DEA1AB9A2EC00A911B5 /* AppDelegate.swift in Sources */ = {isa = PBXBuildFile; fileRef = E4C20DE91AB9A2EC00A911B5 /* AppDelegate.swift */; };
		E4C20DEF1AB9A2EC00A911B5 /* Main.storyboard in Resources */ = {isa = PBXBuildFile; fileRef = E4C20DED1AB9A2EC00A911B5 /* Main.storyboard */; };
		E4C20DF11AB9A2EC00A911B5 /* Images.xcassets in Resources */ = {isa = PBXBuildFile; fileRef = E4C20DF01AB9A2EC00A911B5 /* Images.xcassets */; };
		E4C20DF41AB9A2EC00A911B5 /* LaunchScreen.xib in Resources */ = {isa = PBXBuildFile; fileRef = E4C20DF21AB9A2EC00A911B5 /* LaunchScreen.xib */; };
		E4C20E001AB9A2EC00A911B5 /* WildlandsTests.swift in Sources */ = {isa = PBXBuildFile; fileRef = E4C20DFF1AB9A2EC00A911B5 /* WildlandsTests.swift */; };
		E4C20E0C1AB9AA2900A911B5 /* QuizViewController.swift in Sources */ = {isa = PBXBuildFile; fileRef = E4C20E0B1AB9AA2900A911B5 /* QuizViewController.swift */; };
		E4C20E0E1AB9AAF600A911B5 /* Answer.swift in Sources */ = {isa = PBXBuildFile; fileRef = E4C20E0D1AB9AAF600A911B5 /* Answer.swift */; };
		E4C84D501AEF87E500A208EF /* wildlands-regular.ttf in Resources */ = {isa = PBXBuildFile; fileRef = E4C84D4F1AEF87E500A208EF /* wildlands-regular.ttf */; };
		E4C84D521AEF8DB600A208EF /* speedletter-regular.ttf in Resources */ = {isa = PBXBuildFile; fileRef = E4C84D511AEF8DB600A208EF /* speedletter-regular.ttf */; };
		E4DEEB421AF0D0C5002B6434 /* NoAnimationSegue.swift in Sources */ = {isa = PBXBuildFile; fileRef = E4DEEB411AF0D0C5002B6434 /* NoAnimationSegue.swift */; };
		E4DEEB441AF0D93E002B6434 /* backarrow.png in Resources */ = {isa = PBXBuildFile; fileRef = E4DEEB431AF0D93E002B6434 /* backarrow.png */; };
		E4DEEB481AF0DAE7002B6434 /* stroke_green.png in Resources */ = {isa = PBXBuildFile; fileRef = E4DEEB471AF0DAE7002B6434 /* stroke_green.png */; };
		E4DEEB4A1AF0E201002B6434 /* QuizChooseViewController.swift in Sources */ = {isa = PBXBuildFile; fileRef = E4DEEB491AF0E201002B6434 /* QuizChooseViewController.swift */; };
		E4DEEB4C1AF0E8EE002B6434 /* JoinQuizViewController.swift in Sources */ = {isa = PBXBuildFile; fileRef = E4DEEB4B1AF0E8EE002B6434 /* JoinQuizViewController.swift */; };
		E4DEEB4E1AF0F4A4002B6434 /* WaitForQuizStartViewController.swift in Sources */ = {isa = PBXBuildFile; fileRef = E4DEEB4D1AF0F4A4002B6434 /* WaitForQuizStartViewController.swift */; };
		E4DEEB501AF0F902002B6434 /* GenerateQuizViewController.swift in Sources */ = {isa = PBXBuildFile; fileRef = E4DEEB4F1AF0F902002B6434 /* GenerateQuizViewController.swift */; };
		E4DEEB521AF106DA002B6434 /* FadeTransitionSegue.swift in Sources */ = {isa = PBXBuildFile; fileRef = E4DEEB511AF106DA002B6434 /* FadeTransitionSegue.swift */; };
		E4DEEB581AF11118002B6434 /* pinpoint-02.png in Resources */ = {isa = PBXBuildFile; fileRef = E4DEEB541AF11118002B6434 /* pinpoint-02.png */; };
		E4DEEB591AF11118002B6434 /* pinpoint-03.png in Resources */ = {isa = PBXBuildFile; fileRef = E4DEEB551AF11118002B6434 /* pinpoint-03.png */; };
		E4DEEB5A1AF11118002B6434 /* pinpoint-04.png in Resources */ = {isa = PBXBuildFile; fileRef = E4DEEB561AF11118002B6434 /* pinpoint-04.png */; };
		E4EEE5F51AEF9D9400920E85 /* element-01.png in Resources */ = {isa = PBXBuildFile; fileRef = E4EEE5E91AEF9D9400920E85 /* element-01.png */; };
		E4EEE5F61AEF9D9400920E85 /* element-02.png in Resources */ = {isa = PBXBuildFile; fileRef = E4EEE5EA1AEF9D9400920E85 /* element-02.png */; };
		E4EEE5F71AEF9D9400920E85 /* element-03.png in Resources */ = {isa = PBXBuildFile; fileRef = E4EEE5EB1AEF9D9400920E85 /* element-03.png */; };
		E4EEE5F81AEF9D9400920E85 /* element-04.png in Resources */ = {isa = PBXBuildFile; fileRef = E4EEE5EC1AEF9D9400920E85 /* element-04.png */; };
		E4EEE5F91AEF9D9400920E85 /* element-05.png in Resources */ = {isa = PBXBuildFile; fileRef = E4EEE5ED1AEF9D9400920E85 /* element-05.png */; };
		E4EEE5FA1AEF9D9400920E85 /* element-06.png in Resources */ = {isa = PBXBuildFile; fileRef = E4EEE5EE1AEF9D9400920E85 /* element-06.png */; };
		E4EEE5FB1AEF9D9400920E85 /* element-07.png in Resources */ = {isa = PBXBuildFile; fileRef = E4EEE5EF1AEF9D9400920E85 /* element-07.png */; };
		E4EEE5FC1AEF9D9400920E85 /* element-08.png in Resources */ = {isa = PBXBuildFile; fileRef = E4EEE5F01AEF9D9400920E85 /* element-08.png */; };
		E4EEE5FD1AEF9D9400920E85 /* element-09.png in Resources */ = {isa = PBXBuildFile; fileRef = E4EEE5F11AEF9D9400920E85 /* element-09.png */; };
		E4EEE5FE1AEF9D9400920E85 /* element-10.png in Resources */ = {isa = PBXBuildFile; fileRef = E4EEE5F21AEF9D9400920E85 /* element-10.png */; };
		E4EEE5FF1AEF9D9400920E85 /* element-11.png in Resources */ = {isa = PBXBuildFile; fileRef = E4EEE5F31AEF9D9400920E85 /* element-11.png */; };
		E4EEE6001AEF9D9400920E85 /* element-12.png in Resources */ = {isa = PBXBuildFile; fileRef = E4EEE5F41AEF9D9400920E85 /* element-12.png */; };
		E4EEE6021AEF9E6100920E85 /* element-01-180.png in Resources */ = {isa = PBXBuildFile; fileRef = E4EEE6011AEF9E6100920E85 /* element-01-180.png */; };
		E4EEE6041AEF9FC700920E85 /* StartViewController.swift in Sources */ = {isa = PBXBuildFile; fileRef = E4EEE6031AEF9FC700920E85 /* StartViewController.swift */; };
		E4EEE6061AEFA42200920E85 /* WildlandsButton.swift in Sources */ = {isa = PBXBuildFile; fileRef = E4EEE6051AEFA42200920E85 /* WildlandsButton.swift */; };
		E4EEE60E1AEFB1A700920E85 /* element-14.png in Resources */ = {isa = PBXBuildFile; fileRef = E4EEE6081AEFB1A700920E85 /* element-14.png */; };
		E4EEE60F1AEFB1A700920E85 /* element-15.png in Resources */ = {isa = PBXBuildFile; fileRef = E4EEE6091AEFB1A700920E85 /* element-15.png */; };
		E4EEE6101AEFB1A700920E85 /* element-16.png in Resources */ = {isa = PBXBuildFile; fileRef = E4EEE60A1AEFB1A700920E85 /* element-16.png */; };
		E4EEE6111AEFB1A700920E85 /* element-17.png in Resources */ = {isa = PBXBuildFile; fileRef = E4EEE60B1AEFB1A700920E85 /* element-17.png */; };
		E4EEE6121AEFB1A700920E85 /* element-18.png in Resources */ = {isa = PBXBuildFile; fileRef = E4EEE60C1AEFB1A700920E85 /* element-18.png */; };
		E4EEE6131AEFB1A700920E85 /* element-19.png in Resources */ = {isa = PBXBuildFile; fileRef = E4EEE60D1AEFB1A700920E85 /* element-19.png */; };
		E4FAE6CB1B01F9490061F9D1 /* QuizScoreViewController.swift in Sources */ = {isa = PBXBuildFile; fileRef = E4FAE6CA1B01F9490061F9D1 /* QuizScoreViewController.swift */; };
		E4FAE6CD1B0216CB0061F9D1 /* QuizSendScoreViewController.swift in Sources */ = {isa = PBXBuildFile; fileRef = E4FAE6CC1B0216CB0061F9D1 /* QuizSendScoreViewController.swift */; };
		E4FAE6CF1B0218430061F9D1 /* MessageUI.framework in Frameworks */ = {isa = PBXBuildFile; fileRef = E4FAE6CE1B0218430061F9D1 /* MessageUI.framework */; };
		E4FD960D1AFFB6B7007EFB0A /* AnalogClockHandView.swift in Sources */ = {isa = PBXBuildFile; fileRef = E4FD960B1AFFB6B7007EFB0A /* AnalogClockHandView.swift */; };
		E4FD960E1AFFB6B7007EFB0A /* AnalogClockView.swift in Sources */ = {isa = PBXBuildFile; fileRef = E4FD960C1AFFB6B7007EFB0A /* AnalogClockView.swift */; };
		EBB6E73FDD6C92AE70B1E78A /* Pods_Wildlands.framework in Frameworks */ = {isa = PBXBuildFile; fileRef = 753519B94D96BFA270B9CE08 /* Pods_Wildlands.framework */; settings = {ATTRIBUTES = (Weak, ); }; };
/* End PBXBuildFile section */

/* Begin PBXContainerItemProxy section */
		E4C20DFA1AB9A2EC00A911B5 /* PBXContainerItemProxy */ = {
			isa = PBXContainerItemProxy;
			containerPortal = E4C20DDC1AB9A2EB00A911B5 /* Project object */;
			proxyType = 1;
			remoteGlobalIDString = E4C20DE31AB9A2EC00A911B5;
			remoteInfo = Wildlands;
		};
/* End PBXContainerItemProxy section */

/* Begin PBXFileReference section */
		4E5E0BD42386D9869A092966 /* Pods-Wildlands.debug.xcconfig */ = {isa = PBXFileReference; includeInIndex = 1; lastKnownFileType = text.xcconfig; name = "Pods-Wildlands.debug.xcconfig"; path = "Pods/Target Support Files/Pods-Wildlands/Pods-Wildlands.debug.xcconfig"; sourceTree = "<group>"; };
		69867EA9EFE0C4C6D1D1BE2B /* Pods-Wildlands.release.xcconfig */ = {isa = PBXFileReference; includeInIndex = 1; lastKnownFileType = text.xcconfig; name = "Pods-Wildlands.release.xcconfig"; path = "Pods/Target Support Files/Pods-Wildlands/Pods-Wildlands.release.xcconfig"; sourceTree = "<group>"; };
		753519B94D96BFA270B9CE08 /* Pods_Wildlands.framework */ = {isa = PBXFileReference; explicitFileType = wrapper.framework; includeInIndex = 0; path = Pods_Wildlands.framework; sourceTree = BUILT_PRODUCTS_DIR; };
		E430E7661AC17D7C0036506D /* KaartViewController.swift */ = {isa = PBXFileReference; fileEncoding = 4; lastKnownFileType = sourcecode.swift; name = KaartViewController.swift; path = Views/KaartViewController.swift; sourceTree = "<group>"; };
		E430E76A1AC18E9E0036506D /* Pinpoint.swift */ = {isa = PBXFileReference; fileEncoding = 4; lastKnownFileType = sourcecode.swift; name = Pinpoint.swift; path = Classes/Pinpoint.swift; sourceTree = "<group>"; };
		E430E7741AC1A3540036506D /* JSONDownloader.swift */ = {isa = PBXFileReference; fileEncoding = 4; lastKnownFileType = sourcecode.swift; name = JSONDownloader.swift; path = Classes/JSONDownloader.swift; sourceTree = "<group>"; };
		E430E7761AC1A3D70036506D /* nl */ = {isa = PBXFileReference; lastKnownFileType = text.plist.strings; name = nl; path = nl.lproj/Main.strings; sourceTree = "<group>"; };
		E430E7771AC1A3D70036506D /* nl */ = {isa = PBXFileReference; lastKnownFileType = text.plist.strings; name = nl; path = nl.lproj/LaunchScreen.strings; sourceTree = "<group>"; };
		E430E77B1AC1A4FE0036506D /* Base */ = {isa = PBXFileReference; lastKnownFileType = text.plist.strings; name = Base; path = Base.lproj/Localizable.strings; sourceTree = "<group>"; };
		E430E77D1AC1A4FF0036506D /* nl */ = {isa = PBXFileReference; lastKnownFileType = text.plist.strings; name = nl; path = nl.lproj/Localizable.strings; sourceTree = "<group>"; };
		E430E79B1AC408EA0036506D /* Roboto-Regular.ttf */ = {isa = PBXFileReference; lastKnownFileType = file; name = "Roboto-Regular.ttf"; path = "Fonts/Roboto-Regular.ttf"; sourceTree = "<group>"; };
		E430E79D1AC409550036506D /* Fonts.swift */ = {isa = PBXFileReference; fileEncoding = 4; lastKnownFileType = sourcecode.swift; name = Fonts.swift; path = Classes/Fonts.swift; sourceTree = "<group>"; };
		E430E7A51AC418CD0036506D /* MKAnnotationView+WebCache.h */ = {isa = PBXFileReference; fileEncoding = 4; lastKnownFileType = sourcecode.c.h; path = "MKAnnotationView+WebCache.h"; sourceTree = "<group>"; };
		E430E7A61AC418CD0036506D /* MKAnnotationView+WebCache.m */ = {isa = PBXFileReference; fileEncoding = 4; lastKnownFileType = sourcecode.c.objc; path = "MKAnnotationView+WebCache.m"; sourceTree = "<group>"; };
		E430E7A71AC418CD0036506D /* NSData+ImageContentType.h */ = {isa = PBXFileReference; fileEncoding = 4; lastKnownFileType = sourcecode.c.h; path = "NSData+ImageContentType.h"; sourceTree = "<group>"; };
		E430E7A81AC418CD0036506D /* NSData+ImageContentType.m */ = {isa = PBXFileReference; fileEncoding = 4; lastKnownFileType = sourcecode.c.objc; path = "NSData+ImageContentType.m"; sourceTree = "<group>"; };
		E430E7A91AC418CD0036506D /* SDImageCache.h */ = {isa = PBXFileReference; fileEncoding = 4; lastKnownFileType = sourcecode.c.h; path = SDImageCache.h; sourceTree = "<group>"; };
		E430E7AA1AC418CD0036506D /* SDImageCache.m */ = {isa = PBXFileReference; fileEncoding = 4; lastKnownFileType = sourcecode.c.objc; path = SDImageCache.m; sourceTree = "<group>"; };
		E430E7AB1AC418CD0036506D /* SDWebImageCompat.h */ = {isa = PBXFileReference; fileEncoding = 4; lastKnownFileType = sourcecode.c.h; path = SDWebImageCompat.h; sourceTree = "<group>"; };
		E430E7AC1AC418CD0036506D /* SDWebImageCompat.m */ = {isa = PBXFileReference; fileEncoding = 4; lastKnownFileType = sourcecode.c.objc; path = SDWebImageCompat.m; sourceTree = "<group>"; };
		E430E7AD1AC418CD0036506D /* SDWebImageDecoder.h */ = {isa = PBXFileReference; fileEncoding = 4; lastKnownFileType = sourcecode.c.h; path = SDWebImageDecoder.h; sourceTree = "<group>"; };
		E430E7AE1AC418CD0036506D /* SDWebImageDecoder.m */ = {isa = PBXFileReference; fileEncoding = 4; lastKnownFileType = sourcecode.c.objc; path = SDWebImageDecoder.m; sourceTree = "<group>"; };
		E430E7AF1AC418CD0036506D /* SDWebImageDownloader.h */ = {isa = PBXFileReference; fileEncoding = 4; lastKnownFileType = sourcecode.c.h; path = SDWebImageDownloader.h; sourceTree = "<group>"; };
		E430E7B01AC418CD0036506D /* SDWebImageDownloader.m */ = {isa = PBXFileReference; fileEncoding = 4; lastKnownFileType = sourcecode.c.objc; path = SDWebImageDownloader.m; sourceTree = "<group>"; };
		E430E7B11AC418CD0036506D /* SDWebImageDownloaderOperation.h */ = {isa = PBXFileReference; fileEncoding = 4; lastKnownFileType = sourcecode.c.h; path = SDWebImageDownloaderOperation.h; sourceTree = "<group>"; };
		E430E7B21AC418CD0036506D /* SDWebImageDownloaderOperation.m */ = {isa = PBXFileReference; fileEncoding = 4; lastKnownFileType = sourcecode.c.objc; path = SDWebImageDownloaderOperation.m; sourceTree = "<group>"; };
		E430E7B31AC418CD0036506D /* SDWebImageManager.h */ = {isa = PBXFileReference; fileEncoding = 4; lastKnownFileType = sourcecode.c.h; path = SDWebImageManager.h; sourceTree = "<group>"; };
		E430E7B41AC418CD0036506D /* SDWebImageManager.m */ = {isa = PBXFileReference; fileEncoding = 4; lastKnownFileType = sourcecode.c.objc; path = SDWebImageManager.m; sourceTree = "<group>"; };
		E430E7B51AC418CD0036506D /* SDWebImageOperation.h */ = {isa = PBXFileReference; fileEncoding = 4; lastKnownFileType = sourcecode.c.h; path = SDWebImageOperation.h; sourceTree = "<group>"; };
		E430E7B61AC418CD0036506D /* SDWebImagePrefetcher.h */ = {isa = PBXFileReference; fileEncoding = 4; lastKnownFileType = sourcecode.c.h; path = SDWebImagePrefetcher.h; sourceTree = "<group>"; };
		E430E7B71AC418CD0036506D /* SDWebImagePrefetcher.m */ = {isa = PBXFileReference; fileEncoding = 4; lastKnownFileType = sourcecode.c.objc; path = SDWebImagePrefetcher.m; sourceTree = "<group>"; };
		E430E7B81AC418CD0036506D /* UIButton+WebCache.h */ = {isa = PBXFileReference; fileEncoding = 4; lastKnownFileType = sourcecode.c.h; path = "UIButton+WebCache.h"; sourceTree = "<group>"; };
		E430E7B91AC418CD0036506D /* UIButton+WebCache.m */ = {isa = PBXFileReference; fileEncoding = 4; lastKnownFileType = sourcecode.c.objc; path = "UIButton+WebCache.m"; sourceTree = "<group>"; };
		E430E7BA1AC418CD0036506D /* UIImage+GIF.h */ = {isa = PBXFileReference; fileEncoding = 4; lastKnownFileType = sourcecode.c.h; path = "UIImage+GIF.h"; sourceTree = "<group>"; };
		E430E7BB1AC418CD0036506D /* UIImage+GIF.m */ = {isa = PBXFileReference; fileEncoding = 4; lastKnownFileType = sourcecode.c.objc; path = "UIImage+GIF.m"; sourceTree = "<group>"; };
		E430E7BC1AC418CD0036506D /* UIImage+MultiFormat.h */ = {isa = PBXFileReference; fileEncoding = 4; lastKnownFileType = sourcecode.c.h; path = "UIImage+MultiFormat.h"; sourceTree = "<group>"; };
		E430E7BD1AC418CD0036506D /* UIImage+MultiFormat.m */ = {isa = PBXFileReference; fileEncoding = 4; lastKnownFileType = sourcecode.c.objc; path = "UIImage+MultiFormat.m"; sourceTree = "<group>"; };
		E430E7BE1AC418CD0036506D /* UIImage+WebP.h */ = {isa = PBXFileReference; fileEncoding = 4; lastKnownFileType = sourcecode.c.h; path = "UIImage+WebP.h"; sourceTree = "<group>"; };
		E430E7BF1AC418CD0036506D /* UIImage+WebP.m */ = {isa = PBXFileReference; fileEncoding = 4; lastKnownFileType = sourcecode.c.objc; path = "UIImage+WebP.m"; sourceTree = "<group>"; };
		E430E7C01AC418CD0036506D /* UIImageView+HighlightedWebCache.h */ = {isa = PBXFileReference; fileEncoding = 4; lastKnownFileType = sourcecode.c.h; path = "UIImageView+HighlightedWebCache.h"; sourceTree = "<group>"; };
		E430E7C11AC418CD0036506D /* UIImageView+HighlightedWebCache.m */ = {isa = PBXFileReference; fileEncoding = 4; lastKnownFileType = sourcecode.c.objc; path = "UIImageView+HighlightedWebCache.m"; sourceTree = "<group>"; };
		E430E7C21AC418CD0036506D /* UIImageView+WebCache.h */ = {isa = PBXFileReference; fileEncoding = 4; lastKnownFileType = sourcecode.c.h; path = "UIImageView+WebCache.h"; sourceTree = "<group>"; };
		E430E7C31AC418CD0036506D /* UIImageView+WebCache.m */ = {isa = PBXFileReference; fileEncoding = 4; lastKnownFileType = sourcecode.c.objc; path = "UIImageView+WebCache.m"; sourceTree = "<group>"; };
		E430E7C41AC418CD0036506D /* UIView+WebCacheOperation.h */ = {isa = PBXFileReference; fileEncoding = 4; lastKnownFileType = sourcecode.c.h; path = "UIView+WebCacheOperation.h"; sourceTree = "<group>"; };
		E430E7C51AC418CD0036506D /* UIView+WebCacheOperation.m */ = {isa = PBXFileReference; fileEncoding = 4; lastKnownFileType = sourcecode.c.objc; path = "UIView+WebCacheOperation.m"; sourceTree = "<group>"; };
		E430E7D61AC418E60036506D /* ImageIO.framework */ = {isa = PBXFileReference; lastKnownFileType = wrapper.framework; name = ImageIO.framework; path = System/Library/Frameworks/ImageIO.framework; sourceTree = SDKROOT; };
		E430E7D91AC41DA00036506D /* Utils.swift */ = {isa = PBXFileReference; fileEncoding = 4; lastKnownFileType = sourcecode.swift; name = Utils.swift; path = Classes/Utils.swift; sourceTree = "<group>"; };
		E44D75701AF3870000EC9D5E /* Bio Mimicry-header.png */ = {isa = PBXFileReference; lastKnownFileType = image.png; path = "Bio Mimicry-header.png"; sourceTree = "<group>"; };
		E44D75711AF3870000EC9D5E /* Materiaal-header.png */ = {isa = PBXFileReference; lastKnownFileType = image.png; path = "Materiaal-header.png"; sourceTree = "<group>"; };
		E44D75721AF3870000EC9D5E /* Water-header.png */ = {isa = PBXFileReference; lastKnownFileType = image.png; path = "Water-header.png"; sourceTree = "<group>"; };
		E44D75731AF3870000EC9D5E /* Energie-header.png */ = {isa = PBXFileReference; lastKnownFileType = image.png; path = "Energie-header.png"; sourceTree = "<group>"; };
		E44D75791AF3876200EC9D5E /* Bio Mimicry-close.png */ = {isa = PBXFileReference; lastKnownFileType = image.png; path = "Bio Mimicry-close.png"; sourceTree = "<group>"; };
		E44D757A1AF3876200EC9D5E /* Materiaal-close.png */ = {isa = PBXFileReference; lastKnownFileType = image.png; path = "Materiaal-close.png"; sourceTree = "<group>"; };
		E44D757B1AF3876200EC9D5E /* Water-close.png */ = {isa = PBXFileReference; lastKnownFileType = image.png; path = "Water-close.png"; sourceTree = "<group>"; };
		E44D757C1AF3876200EC9D5E /* Energie-close.png */ = {isa = PBXFileReference; lastKnownFileType = image.png; path = "Energie-close.png"; sourceTree = "<group>"; };
		E44D75811AF3879A00EC9D5E /* pinpoint-01.png */ = {isa = PBXFileReference; lastKnownFileType = image.png; path = "pinpoint-01.png"; sourceTree = "<group>"; };
		E44D75831AF3A7C400EC9D5E /* DownloadViewController.swift */ = {isa = PBXFileReference; fileEncoding = 4; lastKnownFileType = sourcecode.swift; name = DownloadViewController.swift; path = Views/DownloadViewController.swift; sourceTree = "<group>"; };
		E44FE8F01ADD1F73006DD395 /* WildlandsGPS.swift */ = {isa = PBXFileReference; fileEncoding = 4; lastKnownFileType = sourcecode.swift; name = WildlandsGPS.swift; path = Classes/WildlandsGPS.swift; sourceTree = "<group>"; };
		E44FE8F31ADD20B1006DD395 /* Question.swift */ = {isa = PBXFileReference; fileEncoding = 4; lastKnownFileType = sourcecode.swift; name = Question.swift; path = Classes/Question.swift; sourceTree = "<group>"; };
		E44FE8F51ADD2117006DD395 /* background.jpg */ = {isa = PBXFileReference; lastKnownFileType = image.jpeg; name = background.jpg; path = Images/background.jpg; sourceTree = "<group>"; };
		E44FE8F81ADD2117006DD395 /* bushbush.png */ = {isa = PBXFileReference; lastKnownFileType = image.png; name = bushbush.png; path = Images/bushbush.png; sourceTree = "<group>"; };
		E44FE8F91ADD2117006DD395 /* iceicebaby.png */ = {isa = PBXFileReference; lastKnownFileType = image.png; name = iceicebaby.png; path = Images/iceicebaby.png; sourceTree = "<group>"; };
		E44FE8FA1ADD2117006DD395 /* kaart.jpg */ = {isa = PBXFileReference; lastKnownFileType = image.jpeg; name = kaart.jpg; path = Images/kaart.jpg; sourceTree = "<group>"; };
		E44FE8FB1ADD2117006DD395 /* kaartView.jpg */ = {isa = PBXFileReference; lastKnownFileType = image.jpeg; name = kaartView.jpg; path = Images/kaartView.jpg; sourceTree = "<group>"; };
		E44FE8FC1ADD2117006DD395 /* logo_wildlands.png */ = {isa = PBXFileReference; lastKnownFileType = image.png; name = logo_wildlands.png; path = Images/logo_wildlands.png; sourceTree = "<group>"; };
		E44FE8FD1ADD2117006DD395 /* olifanten.jpg */ = {isa = PBXFileReference; lastKnownFileType = image.jpeg; name = olifanten.jpg; path = Images/olifanten.jpg; sourceTree = "<group>"; };
		E44FE91B1ADD3BFD006DD395 /* spot.png */ = {isa = PBXFileReference; lastKnownFileType = image.png; path = spot.png; sourceTree = "<group>"; };
		E44FE91D1ADD4189006DD395 /* tempkaart.png */ = {isa = PBXFileReference; lastKnownFileType = image.png; path = tempkaart.png; sourceTree = "<group>"; };
		E44FE9211ADE6A66006DD395 /* TestGPS.gpx */ = {isa = PBXFileReference; fileEncoding = 4; lastKnownFileType = text; path = TestGPS.gpx; sourceTree = "<group>"; };
		E44FE9231ADE7880006DD395 /* stenden.gpx */ = {isa = PBXFileReference; fileEncoding = 4; lastKnownFileType = text.xml; path = stenden.gpx; sourceTree = "<group>"; };
		E44FE9251ADE7AF4006DD395 /* stenden-2.gpx */ = {isa = PBXFileReference; fileEncoding = 4; lastKnownFileType = text.xml; path = "stenden-2.gpx"; sourceTree = "<group>"; };
		E460D5431ACBFF2000804640 /* Bridging.h */ = {isa = PBXFileReference; fileEncoding = 4; lastKnownFileType = sourcecode.c.h; path = Bridging.h; sourceTree = "<group>"; };
		E4627FF51ABAE1CD003B9229 /* Colors.swift */ = {isa = PBXFileReference; fileEncoding = 4; lastKnownFileType = sourcecode.swift; name = Colors.swift; path = Classes/Colors.swift; sourceTree = "<group>"; };
		E48FD5501AE91E59000C1CFA /* ContentPage.swift */ = {isa = PBXFileReference; fileEncoding = 4; lastKnownFileType = sourcecode.swift; name = ContentPage.swift; path = Classes/ContentPage.swift; sourceTree = "<group>"; };
		E495EB391B00D37000C136C7 /* QuizBeforeStartViewController.swift */ = {isa = PBXFileReference; fileEncoding = 4; lastKnownFileType = sourcecode.swift; name = QuizBeforeStartViewController.swift; path = Views/QuizBeforeStartViewController.swift; sourceTree = "<group>"; };
		E4A6406B1B028BD0003E2CEC /* QuizDidEndViewController.swift */ = {isa = PBXFileReference; fileEncoding = 4; lastKnownFileType = sourcecode.swift; name = QuizDidEndViewController.swift; path = Views/QuizDidEndViewController.swift; sourceTree = "<group>"; };
		E4B6E6701AEA4D1D0033CD3A /* ChooseSubjectViewController.swift */ = {isa = PBXFileReference; fileEncoding = 4; lastKnownFileType = sourcecode.swift; name = ChooseSubjectViewController.swift; path = Views/ChooseSubjectViewController.swift; sourceTree = "<group>"; };
		E4C1903C1AE7A7ED00FC2800 /* ContentPageView.swift */ = {isa = PBXFileReference; fileEncoding = 4; lastKnownFileType = sourcecode.swift; name = ContentPageView.swift; path = Views/ContentPageView.swift; sourceTree = "<group>"; };
		E4C190401AE7C4DD00FC2800 /* PopupView.swift */ = {isa = PBXFileReference; fileEncoding = 4; lastKnownFileType = sourcecode.swift; name = PopupView.swift; path = Views/PopupView.swift; sourceTree = "<group>"; };
		E4C20DE41AB9A2EC00A911B5 /* Wildlands.app */ = {isa = PBXFileReference; explicitFileType = wrapper.application; includeInIndex = 0; path = Wildlands.app; sourceTree = BUILT_PRODUCTS_DIR; };
		E4C20DE81AB9A2EC00A911B5 /* Info.plist */ = {isa = PBXFileReference; lastKnownFileType = text.plist.xml; path = Info.plist; sourceTree = "<group>"; };
		E4C20DE91AB9A2EC00A911B5 /* AppDelegate.swift */ = {isa = PBXFileReference; lastKnownFileType = sourcecode.swift; path = AppDelegate.swift; sourceTree = "<group>"; };
		E4C20DEE1AB9A2EC00A911B5 /* Base */ = {isa = PBXFileReference; lastKnownFileType = file.storyboard; name = Base; path = Base.lproj/Main.storyboard; sourceTree = "<group>"; };
		E4C20DF01AB9A2EC00A911B5 /* Images.xcassets */ = {isa = PBXFileReference; lastKnownFileType = folder.assetcatalog; path = Images.xcassets; sourceTree = "<group>"; };
		E4C20DF31AB9A2EC00A911B5 /* Base */ = {isa = PBXFileReference; lastKnownFileType = file.xib; name = Base; path = Base.lproj/LaunchScreen.xib; sourceTree = "<group>"; };
		E4C20DF91AB9A2EC00A911B5 /* WildlandsTests.xctest */ = {isa = PBXFileReference; explicitFileType = wrapper.cfbundle; includeInIndex = 0; path = WildlandsTests.xctest; sourceTree = BUILT_PRODUCTS_DIR; };
		E4C20DFE1AB9A2EC00A911B5 /* Info.plist */ = {isa = PBXFileReference; lastKnownFileType = text.plist.xml; path = Info.plist; sourceTree = "<group>"; };
		E4C20DFF1AB9A2EC00A911B5 /* WildlandsTests.swift */ = {isa = PBXFileReference; lastKnownFileType = sourcecode.swift; path = WildlandsTests.swift; sourceTree = "<group>"; };
		E4C20E0B1AB9AA2900A911B5 /* QuizViewController.swift */ = {isa = PBXFileReference; fileEncoding = 4; lastKnownFileType = sourcecode.swift; name = QuizViewController.swift; path = Views/QuizViewController.swift; sourceTree = "<group>"; };
		E4C20E0D1AB9AAF600A911B5 /* Answer.swift */ = {isa = PBXFileReference; fileEncoding = 4; lastKnownFileType = sourcecode.swift; name = Answer.swift; path = Classes/Answer.swift; sourceTree = "<group>"; };
		E4C84D4F1AEF87E500A208EF /* wildlands-regular.ttf */ = {isa = PBXFileReference; lastKnownFileType = file; path = "wildlands-regular.ttf"; sourceTree = "<group>"; };
		E4C84D511AEF8DB600A208EF /* speedletter-regular.ttf */ = {isa = PBXFileReference; lastKnownFileType = file; path = "speedletter-regular.ttf"; sourceTree = "<group>"; };
		E4DEEB411AF0D0C5002B6434 /* NoAnimationSegue.swift */ = {isa = PBXFileReference; fileEncoding = 4; lastKnownFileType = sourcecode.swift; name = NoAnimationSegue.swift; path = Classes/NoAnimationSegue.swift; sourceTree = "<group>"; };
		E4DEEB431AF0D93E002B6434 /* backarrow.png */ = {isa = PBXFileReference; lastKnownFileType = image.png; path = backarrow.png; sourceTree = "<group>"; };
		E4DEEB471AF0DAE7002B6434 /* stroke_green.png */ = {isa = PBXFileReference; lastKnownFileType = image.png; path = stroke_green.png; sourceTree = "<group>"; };
		E4DEEB491AF0E201002B6434 /* QuizChooseViewController.swift */ = {isa = PBXFileReference; fileEncoding = 4; lastKnownFileType = sourcecode.swift; name = QuizChooseViewController.swift; path = Views/QuizChooseViewController.swift; sourceTree = "<group>"; };
		E4DEEB4B1AF0E8EE002B6434 /* JoinQuizViewController.swift */ = {isa = PBXFileReference; fileEncoding = 4; lastKnownFileType = sourcecode.swift; name = JoinQuizViewController.swift; path = Views/JoinQuizViewController.swift; sourceTree = "<group>"; };
		E4DEEB4D1AF0F4A4002B6434 /* WaitForQuizStartViewController.swift */ = {isa = PBXFileReference; fileEncoding = 4; lastKnownFileType = sourcecode.swift; name = WaitForQuizStartViewController.swift; path = Views/WaitForQuizStartViewController.swift; sourceTree = "<group>"; };
		E4DEEB4F1AF0F902002B6434 /* GenerateQuizViewController.swift */ = {isa = PBXFileReference; fileEncoding = 4; lastKnownFileType = sourcecode.swift; name = GenerateQuizViewController.swift; path = Views/GenerateQuizViewController.swift; sourceTree = "<group>"; };
		E4DEEB511AF106DA002B6434 /* FadeTransitionSegue.swift */ = {isa = PBXFileReference; fileEncoding = 4; lastKnownFileType = sourcecode.swift; name = FadeTransitionSegue.swift; path = Classes/FadeTransitionSegue.swift; sourceTree = "<group>"; };
		E4DEEB541AF11118002B6434 /* pinpoint-02.png */ = {isa = PBXFileReference; lastKnownFileType = image.png; path = "pinpoint-02.png"; sourceTree = "<group>"; };
		E4DEEB551AF11118002B6434 /* pinpoint-03.png */ = {isa = PBXFileReference; lastKnownFileType = image.png; path = "pinpoint-03.png"; sourceTree = "<group>"; };
		E4DEEB561AF11118002B6434 /* pinpoint-04.png */ = {isa = PBXFileReference; lastKnownFileType = image.png; path = "pinpoint-04.png"; sourceTree = "<group>"; };
		E4EEE5E91AEF9D9400920E85 /* element-01.png */ = {isa = PBXFileReference; lastKnownFileType = image.png; name = "element-01.png"; path = "Images/Views/element-01.png"; sourceTree = "<group>"; };
		E4EEE5EA1AEF9D9400920E85 /* element-02.png */ = {isa = PBXFileReference; lastKnownFileType = image.png; name = "element-02.png"; path = "Images/Views/element-02.png"; sourceTree = "<group>"; };
		E4EEE5EB1AEF9D9400920E85 /* element-03.png */ = {isa = PBXFileReference; lastKnownFileType = image.png; name = "element-03.png"; path = "Images/Views/element-03.png"; sourceTree = "<group>"; };
		E4EEE5EC1AEF9D9400920E85 /* element-04.png */ = {isa = PBXFileReference; lastKnownFileType = image.png; name = "element-04.png"; path = "Images/Views/element-04.png"; sourceTree = "<group>"; };
		E4EEE5ED1AEF9D9400920E85 /* element-05.png */ = {isa = PBXFileReference; lastKnownFileType = image.png; name = "element-05.png"; path = "Images/Views/element-05.png"; sourceTree = "<group>"; };
		E4EEE5EE1AEF9D9400920E85 /* element-06.png */ = {isa = PBXFileReference; lastKnownFileType = image.png; name = "element-06.png"; path = "Images/Views/element-06.png"; sourceTree = "<group>"; };
		E4EEE5EF1AEF9D9400920E85 /* element-07.png */ = {isa = PBXFileReference; lastKnownFileType = image.png; name = "element-07.png"; path = "Images/Views/element-07.png"; sourceTree = "<group>"; };
		E4EEE5F01AEF9D9400920E85 /* element-08.png */ = {isa = PBXFileReference; lastKnownFileType = image.png; name = "element-08.png"; path = "Images/Views/element-08.png"; sourceTree = "<group>"; };
		E4EEE5F11AEF9D9400920E85 /* element-09.png */ = {isa = PBXFileReference; lastKnownFileType = image.png; name = "element-09.png"; path = "Images/Views/element-09.png"; sourceTree = "<group>"; };
		E4EEE5F21AEF9D9400920E85 /* element-10.png */ = {isa = PBXFileReference; lastKnownFileType = image.png; name = "element-10.png"; path = "Images/Views/element-10.png"; sourceTree = "<group>"; };
		E4EEE5F31AEF9D9400920E85 /* element-11.png */ = {isa = PBXFileReference; lastKnownFileType = image.png; name = "element-11.png"; path = "Images/Views/element-11.png"; sourceTree = "<group>"; };
		E4EEE5F41AEF9D9400920E85 /* element-12.png */ = {isa = PBXFileReference; lastKnownFileType = image.png; name = "element-12.png"; path = "Images/Views/element-12.png"; sourceTree = "<group>"; };
		E4EEE6011AEF9E6100920E85 /* element-01-180.png */ = {isa = PBXFileReference; lastKnownFileType = image.png; name = "element-01-180.png"; path = "Images/Views/element-01-180.png"; sourceTree = "<group>"; };
		E4EEE6031AEF9FC700920E85 /* StartViewController.swift */ = {isa = PBXFileReference; fileEncoding = 4; lastKnownFileType = sourcecode.swift; name = StartViewController.swift; path = Views/StartViewController.swift; sourceTree = "<group>"; };
		E4EEE6051AEFA42200920E85 /* WildlandsButton.swift */ = {isa = PBXFileReference; fileEncoding = 4; lastKnownFileType = sourcecode.swift; name = WildlandsButton.swift; path = Views/WildlandsButton.swift; sourceTree = "<group>"; };
		E4EEE6081AEFB1A700920E85 /* element-14.png */ = {isa = PBXFileReference; lastKnownFileType = image.png; name = "element-14.png"; path = "Images/Buttons/element-14.png"; sourceTree = "<group>"; };
		E4EEE6091AEFB1A700920E85 /* element-15.png */ = {isa = PBXFileReference; lastKnownFileType = image.png; name = "element-15.png"; path = "Images/Buttons/element-15.png"; sourceTree = "<group>"; };
		E4EEE60A1AEFB1A700920E85 /* element-16.png */ = {isa = PBXFileReference; lastKnownFileType = image.png; name = "element-16.png"; path = "Images/Buttons/element-16.png"; sourceTree = "<group>"; };
		E4EEE60B1AEFB1A700920E85 /* element-17.png */ = {isa = PBXFileReference; lastKnownFileType = image.png; name = "element-17.png"; path = "Images/Buttons/element-17.png"; sourceTree = "<group>"; };
		E4EEE60C1AEFB1A700920E85 /* element-18.png */ = {isa = PBXFileReference; lastKnownFileType = image.png; name = "element-18.png"; path = "Images/Buttons/element-18.png"; sourceTree = "<group>"; };
		E4EEE60D1AEFB1A700920E85 /* element-19.png */ = {isa = PBXFileReference; lastKnownFileType = image.png; name = "element-19.png"; path = "Images/Buttons/element-19.png"; sourceTree = "<group>"; };
		E4FAE6CA1B01F9490061F9D1 /* QuizScoreViewController.swift */ = {isa = PBXFileReference; fileEncoding = 4; lastKnownFileType = sourcecode.swift; name = QuizScoreViewController.swift; path = Views/QuizScoreViewController.swift; sourceTree = "<group>"; };
		E4FAE6CC1B0216CB0061F9D1 /* QuizSendScoreViewController.swift */ = {isa = PBXFileReference; fileEncoding = 4; lastKnownFileType = sourcecode.swift; name = QuizSendScoreViewController.swift; path = Views/QuizSendScoreViewController.swift; sourceTree = "<group>"; };
		E4FAE6CE1B0218430061F9D1 /* MessageUI.framework */ = {isa = PBXFileReference; lastKnownFileType = wrapper.framework; name = MessageUI.framework; path = System/Library/Frameworks/MessageUI.framework; sourceTree = SDKROOT; };
		E4FD960B1AFFB6B7007EFB0A /* AnalogClockHandView.swift */ = {isa = PBXFileReference; fileEncoding = 4; lastKnownFileType = sourcecode.swift; path = AnalogClockHandView.swift; sourceTree = "<group>"; };
		E4FD960C1AFFB6B7007EFB0A /* AnalogClockView.swift */ = {isa = PBXFileReference; fileEncoding = 4; lastKnownFileType = sourcecode.swift; path = AnalogClockView.swift; sourceTree = "<group>"; };
/* End PBXFileReference section */

/* Begin PBXFrameworksBuildPhase section */
		E4C20DE11AB9A2EC00A911B5 /* Frameworks */ = {
			isa = PBXFrameworksBuildPhase;
			buildActionMask = 2147483647;
			files = (
				E4FAE6CF1B0218430061F9D1 /* MessageUI.framework in Frameworks */,
				E430E7D71AC418E60036506D /* ImageIO.framework in Frameworks */,
				EBB6E73FDD6C92AE70B1E78A /* Pods_Wildlands.framework in Frameworks */,
			);
			runOnlyForDeploymentPostprocessing = 0;
		};
		E4C20DF61AB9A2EC00A911B5 /* Frameworks */ = {
			isa = PBXFrameworksBuildPhase;
			buildActionMask = 2147483647;
			files = (
			);
			runOnlyForDeploymentPostprocessing = 0;
		};
/* End PBXFrameworksBuildPhase section */

/* Begin PBXGroup section */
		29D7C0058785042EE0997D40 /* Pods */ = {
			isa = PBXGroup;
			children = (
				4E5E0BD42386D9869A092966 /* Pods-Wildlands.debug.xcconfig */,
				69867EA9EFE0C4C6D1D1BE2B /* Pods-Wildlands.release.xcconfig */,
			);
			name = Pods;
			sourceTree = "<group>";
		};
		A47CC03B517AB98FD7F76CAC /* Frameworks */ = {
			isa = PBXGroup;
			children = (
				E4FAE6CE1B0218430061F9D1 /* MessageUI.framework */,
				753519B94D96BFA270B9CE08 /* Pods_Wildlands.framework */,
			);
			name = Frameworks;
			sourceTree = "<group>";
		};
		E430E79A1AC408DF0036506D /* Fonts */ = {
			isa = PBXGroup;
			children = (
				E430E79B1AC408EA0036506D /* Roboto-Regular.ttf */,
				E4C84D4F1AEF87E500A208EF /* wildlands-regular.ttf */,
				E4C84D511AEF8DB600A208EF /* speedletter-regular.ttf */,
			);
			name = Fonts;
			sourceTree = "<group>";
		};
		E430E7A41AC418CD0036506D /* SDWebImage */ = {
			isa = PBXGroup;
			children = (
				E430E7A51AC418CD0036506D /* MKAnnotationView+WebCache.h */,
				E430E7A61AC418CD0036506D /* MKAnnotationView+WebCache.m */,
				E430E7A71AC418CD0036506D /* NSData+ImageContentType.h */,
				E430E7A81AC418CD0036506D /* NSData+ImageContentType.m */,
				E430E7A91AC418CD0036506D /* SDImageCache.h */,
				E430E7AA1AC418CD0036506D /* SDImageCache.m */,
				E430E7AB1AC418CD0036506D /* SDWebImageCompat.h */,
				E430E7AC1AC418CD0036506D /* SDWebImageCompat.m */,
				E430E7AD1AC418CD0036506D /* SDWebImageDecoder.h */,
				E430E7AE1AC418CD0036506D /* SDWebImageDecoder.m */,
				E430E7AF1AC418CD0036506D /* SDWebImageDownloader.h */,
				E430E7B01AC418CD0036506D /* SDWebImageDownloader.m */,
				E430E7B11AC418CD0036506D /* SDWebImageDownloaderOperation.h */,
				E430E7B21AC418CD0036506D /* SDWebImageDownloaderOperation.m */,
				E430E7B31AC418CD0036506D /* SDWebImageManager.h */,
				E430E7B41AC418CD0036506D /* SDWebImageManager.m */,
				E430E7B51AC418CD0036506D /* SDWebImageOperation.h */,
				E430E7B61AC418CD0036506D /* SDWebImagePrefetcher.h */,
				E430E7B71AC418CD0036506D /* SDWebImagePrefetcher.m */,
				E430E7B81AC418CD0036506D /* UIButton+WebCache.h */,
				E430E7B91AC418CD0036506D /* UIButton+WebCache.m */,
				E430E7BA1AC418CD0036506D /* UIImage+GIF.h */,
				E430E7BB1AC418CD0036506D /* UIImage+GIF.m */,
				E430E7BC1AC418CD0036506D /* UIImage+MultiFormat.h */,
				E430E7BD1AC418CD0036506D /* UIImage+MultiFormat.m */,
				E430E7BE1AC418CD0036506D /* UIImage+WebP.h */,
				E430E7BF1AC418CD0036506D /* UIImage+WebP.m */,
				E430E7C01AC418CD0036506D /* UIImageView+HighlightedWebCache.h */,
				E430E7C11AC418CD0036506D /* UIImageView+HighlightedWebCache.m */,
				E430E7C21AC418CD0036506D /* UIImageView+WebCache.h */,
				E430E7C31AC418CD0036506D /* UIImageView+WebCache.m */,
				E430E7C41AC418CD0036506D /* UIView+WebCacheOperation.h */,
				E430E7C51AC418CD0036506D /* UIView+WebCacheOperation.m */,
			);
			path = SDWebImage;
			sourceTree = "<group>";
		};
		E430E7D81AC418F40036506D /* Frameworks */ = {
			isa = PBXGroup;
			children = (
				E430E7A41AC418CD0036506D /* SDWebImage */,
				E430E7D61AC418E60036506D /* ImageIO.framework */,
			);
			name = Frameworks;
			sourceTree = "<group>";
		};
		E44D75781AF3870900EC9D5E /* Pop-up elements */ = {
			isa = PBXGroup;
			children = (
				E44D75701AF3870000EC9D5E /* Bio Mimicry-header.png */,
				E44D75711AF3870000EC9D5E /* Materiaal-header.png */,
				E44D75721AF3870000EC9D5E /* Water-header.png */,
				E44D75731AF3870000EC9D5E /* Energie-header.png */,
				E44D75791AF3876200EC9D5E /* Bio Mimicry-close.png */,
				E44D757A1AF3876200EC9D5E /* Materiaal-close.png */,
				E44D757B1AF3876200EC9D5E /* Water-close.png */,
				E44D757C1AF3876200EC9D5E /* Energie-close.png */,
			);
			name = "Pop-up elements";
			sourceTree = "<group>";
		};
		E44FE8F21ADD1FBF006DD395 /* Views */ = {
			isa = PBXGroup;
			children = (
				E495EB3B1B00D37700C136C7 /* Quiz */,
				E430E7661AC17D7C0036506D /* KaartViewController.swift */,
				E4C1903C1AE7A7ED00FC2800 /* ContentPageView.swift */,
				E4C190401AE7C4DD00FC2800 /* PopupView.swift */,
				E4B6E6701AEA4D1D0033CD3A /* ChooseSubjectViewController.swift */,
				E4EEE6031AEF9FC700920E85 /* StartViewController.swift */,
				E4EEE6051AEFA42200920E85 /* WildlandsButton.swift */,
				E44D75831AF3A7C400EC9D5E /* DownloadViewController.swift */,
			);
			name = Views;
			sourceTree = "<group>";
		};
		E44FE9201ADE6A48006DD395 /* GPS Test Locations */ = {
			isa = PBXGroup;
			children = (
				E44FE9211ADE6A66006DD395 /* TestGPS.gpx */,
				E44FE9231ADE7880006DD395 /* stenden.gpx */,
				E44FE9251ADE7AF4006DD395 /* stenden-2.gpx */,
			);
			name = "GPS Test Locations";
			sourceTree = "<group>";
		};
		E4627FF71ABAE40D003B9229 /* Classes */ = {
			isa = PBXGroup;
			children = (
				E4FD960A1AFFB6AA007EFB0A /* Clock */,
				E44FE8F31ADD20B1006DD395 /* Question.swift */,
				E4C20E0D1AB9AAF600A911B5 /* Answer.swift */,
				E48FD5501AE91E59000C1CFA /* ContentPage.swift */,
				E430E76A1AC18E9E0036506D /* Pinpoint.swift */,
				E4627FF51ABAE1CD003B9229 /* Colors.swift */,
				E430E7741AC1A3540036506D /* JSONDownloader.swift */,
				E430E79D1AC409550036506D /* Fonts.swift */,
				E430E7D91AC41DA00036506D /* Utils.swift */,
				E44FE8F01ADD1F73006DD395 /* WildlandsGPS.swift */,
				E4DEEB411AF0D0C5002B6434 /* NoAnimationSegue.swift */,
				E4DEEB511AF106DA002B6434 /* FadeTransitionSegue.swift */,
			);
			name = Classes;
			sourceTree = "<group>";
		};
		E4627FF81ABAE423003B9229 /* Images */ = {
			isa = PBXGroup;
			children = (
				E44D75781AF3870900EC9D5E /* Pop-up elements */,
				E4EEE6071AEFB19E00920E85 /* Buttons */,
				E4EEE5D01AEF9D3900920E85 /* View Elements */,
				E44FE91B1ADD3BFD006DD395 /* spot.png */,
				E4DEEB431AF0D93E002B6434 /* backarrow.png */,
				E44FE91D1ADD4189006DD395 /* tempkaart.png */,
				E44FE8F51ADD2117006DD395 /* background.jpg */,
				E44FE8F81ADD2117006DD395 /* bushbush.png */,
				E44FE8F91ADD2117006DD395 /* iceicebaby.png */,
				E44FE8FA1ADD2117006DD395 /* kaart.jpg */,
				E44FE8FB1ADD2117006DD395 /* kaartView.jpg */,
				E44FE8FC1ADD2117006DD395 /* logo_wildlands.png */,
				E44FE8FD1ADD2117006DD395 /* olifanten.jpg */,
			);
			name = Images;
			sourceTree = "<group>";
		};
		E495EB3B1B00D37700C136C7 /* Quiz */ = {
			isa = PBXGroup;
			children = (
				E4DEEB491AF0E201002B6434 /* QuizChooseViewController.swift */,
				E495EB3C1B00D39700C136C7 /* Docent */,
				E495EB3D1B00D3A500C136C7 /* Leerling */,
			);
			name = Quiz;
			sourceTree = "<group>";
		};
		E495EB3C1B00D39700C136C7 /* Docent */ = {
			isa = PBXGroup;
			children = (
				E4DEEB4F1AF0F902002B6434 /* GenerateQuizViewController.swift */,
				E495EB391B00D37000C136C7 /* QuizBeforeStartViewController.swift */,
				E4FAE6CA1B01F9490061F9D1 /* QuizScoreViewController.swift */,
				E4FAE6CC1B0216CB0061F9D1 /* QuizSendScoreViewController.swift */,
			);
			name = Docent;
			sourceTree = "<group>";
		};
		E495EB3D1B00D3A500C136C7 /* Leerling */ = {
			isa = PBXGroup;
			children = (
				E4DEEB4B1AF0E8EE002B6434 /* JoinQuizViewController.swift */,
				E4DEEB4D1AF0F4A4002B6434 /* WaitForQuizStartViewController.swift */,
				E4C20E0B1AB9AA2900A911B5 /* QuizViewController.swift */,
				E4A6406B1B028BD0003E2CEC /* QuizDidEndViewController.swift */,
			);
			name = Leerling;
			sourceTree = "<group>";
		};
		E4C20DDB1AB9A2EB00A911B5 = {
			isa = PBXGroup;
			children = (
				E4C20DE61AB9A2EC00A911B5 /* Wildlands */,
				E4C20DFC1AB9A2EC00A911B5 /* WildlandsTests */,
				E4C20DE51AB9A2EC00A911B5 /* Products */,
				29D7C0058785042EE0997D40 /* Pods */,
				A47CC03B517AB98FD7F76CAC /* Frameworks */,
			);
			sourceTree = "<group>";
		};
		E4C20DE51AB9A2EC00A911B5 /* Products */ = {
			isa = PBXGroup;
			children = (
				E4C20DE41AB9A2EC00A911B5 /* Wildlands.app */,
				E4C20DF91AB9A2EC00A911B5 /* WildlandsTests.xctest */,
			);
			name = Products;
			sourceTree = "<group>";
		};
		E4C20DE61AB9A2EC00A911B5 /* Wildlands */ = {
			isa = PBXGroup;
			children = (
				E44FE9201ADE6A48006DD395 /* GPS Test Locations */,
				E44FE8F21ADD1FBF006DD395 /* Views */,
				E430E7D81AC418F40036506D /* Frameworks */,
				E430E79A1AC408DF0036506D /* Fonts */,
				E4627FF81ABAE423003B9229 /* Images */,
				E4627FF71ABAE40D003B9229 /* Classes */,
				E4C20DE91AB9A2EC00A911B5 /* AppDelegate.swift */,
				E4C20DED1AB9A2EC00A911B5 /* Main.storyboard */,
				E460D5431ACBFF2000804640 /* Bridging.h */,
				E4C20DF01AB9A2EC00A911B5 /* Images.xcassets */,
				E4C20DF21AB9A2EC00A911B5 /* LaunchScreen.xib */,
				E4C20DE71AB9A2EC00A911B5 /* Supporting Files */,
				E430E77C1AC1A4FE0036506D /* Localizable.strings */,
			);
			path = Wildlands;
			sourceTree = "<group>";
		};
		E4C20DE71AB9A2EC00A911B5 /* Supporting Files */ = {
			isa = PBXGroup;
			children = (
				E4C20DE81AB9A2EC00A911B5 /* Info.plist */,
			);
			name = "Supporting Files";
			sourceTree = "<group>";
		};
		E4C20DFC1AB9A2EC00A911B5 /* WildlandsTests */ = {
			isa = PBXGroup;
			children = (
				E4C20DFF1AB9A2EC00A911B5 /* WildlandsTests.swift */,
				E4C20DFD1AB9A2EC00A911B5 /* Supporting Files */,
			);
			path = WildlandsTests;
			sourceTree = "<group>";
		};
		E4C20DFD1AB9A2EC00A911B5 /* Supporting Files */ = {
			isa = PBXGroup;
			children = (
				E4C20DFE1AB9A2EC00A911B5 /* Info.plist */,
			);
			name = "Supporting Files";
			sourceTree = "<group>";
		};
		E4EEE5D01AEF9D3900920E85 /* View Elements */ = {
			isa = PBXGroup;
			children = (
				E44D75811AF3879A00EC9D5E /* pinpoint-01.png */,
				E4DEEB541AF11118002B6434 /* pinpoint-02.png */,
				E4DEEB551AF11118002B6434 /* pinpoint-03.png */,
				E4DEEB561AF11118002B6434 /* pinpoint-04.png */,
				E4DEEB471AF0DAE7002B6434 /* stroke_green.png */,
				E4EEE5E91AEF9D9400920E85 /* element-01.png */,
				E4EEE5EA1AEF9D9400920E85 /* element-02.png */,
				E4EEE5EB1AEF9D9400920E85 /* element-03.png */,
				E4EEE5EC1AEF9D9400920E85 /* element-04.png */,
				E4EEE5ED1AEF9D9400920E85 /* element-05.png */,
				E4EEE5EE1AEF9D9400920E85 /* element-06.png */,
				E4EEE5EF1AEF9D9400920E85 /* element-07.png */,
				E4EEE5F01AEF9D9400920E85 /* element-08.png */,
				E4EEE5F11AEF9D9400920E85 /* element-09.png */,
				E4EEE5F21AEF9D9400920E85 /* element-10.png */,
				E4EEE5F31AEF9D9400920E85 /* element-11.png */,
				E4EEE5F41AEF9D9400920E85 /* element-12.png */,
				E4EEE6011AEF9E6100920E85 /* element-01-180.png */,
			);
			name = "View Elements";
			sourceTree = "<group>";
		};
		E4EEE6071AEFB19E00920E85 /* Buttons */ = {
			isa = PBXGroup;
			children = (
				E4EEE6081AEFB1A700920E85 /* element-14.png */,
				E4EEE6091AEFB1A700920E85 /* element-15.png */,
				E4EEE60A1AEFB1A700920E85 /* element-16.png */,
				E4EEE60B1AEFB1A700920E85 /* element-17.png */,
				E4EEE60C1AEFB1A700920E85 /* element-18.png */,
				E4EEE60D1AEFB1A700920E85 /* element-19.png */,
			);
			name = Buttons;
			sourceTree = "<group>";
		};
		E4FD960A1AFFB6AA007EFB0A /* Clock */ = {
			isa = PBXGroup;
			children = (
				E4FD960B1AFFB6B7007EFB0A /* AnalogClockHandView.swift */,
				E4FD960C1AFFB6B7007EFB0A /* AnalogClockView.swift */,
			);
			name = Clock;
			sourceTree = "<group>";
		};
/* End PBXGroup section */

/* Begin PBXNativeTarget section */
		E4C20DE31AB9A2EC00A911B5 /* Wildlands */ = {
			isa = PBXNativeTarget;
			buildConfigurationList = E4C20E031AB9A2EC00A911B5 /* Build configuration list for PBXNativeTarget "Wildlands" */;
			buildPhases = (
				87A542D829967AB97F3BC23C /* Check Pods Manifest.lock */,
				E4C20DE01AB9A2EC00A911B5 /* Sources */,
				E4C20DE11AB9A2EC00A911B5 /* Frameworks */,
				E4C20DE21AB9A2EC00A911B5 /* Resources */,
				1470B21F1869D15D3DAB755A /* Copy Pods Resources */,
				486A274C6F7609FE9B19BCCA /* Embed Pods Frameworks */,
			);
			buildRules = (
			);
			dependencies = (
			);
			name = Wildlands;
			productName = Wildlands;
			productReference = E4C20DE41AB9A2EC00A911B5 /* Wildlands.app */;
			productType = "com.apple.product-type.application";
		};
		E4C20DF81AB9A2EC00A911B5 /* WildlandsTests */ = {
			isa = PBXNativeTarget;
			buildConfigurationList = E4C20E061AB9A2EC00A911B5 /* Build configuration list for PBXNativeTarget "WildlandsTests" */;
			buildPhases = (
				E4C20DF51AB9A2EC00A911B5 /* Sources */,
				E4C20DF61AB9A2EC00A911B5 /* Frameworks */,
				E4C20DF71AB9A2EC00A911B5 /* Resources */,
			);
			buildRules = (
			);
			dependencies = (
				E4C20DFB1AB9A2EC00A911B5 /* PBXTargetDependency */,
			);
			name = WildlandsTests;
			productName = WildlandsTests;
			productReference = E4C20DF91AB9A2EC00A911B5 /* WildlandsTests.xctest */;
			productType = "com.apple.product-type.bundle.unit-test";
		};
/* End PBXNativeTarget section */

/* Begin PBXProject section */
		E4C20DDC1AB9A2EB00A911B5 /* Project object */ = {
			isa = PBXProject;
			attributes = {
				LastUpgradeCheck = 0620;
				ORGANIZATIONNAME = INF2A;
				TargetAttributes = {
					E4C20DE31AB9A2EC00A911B5 = {
						CreatedOnToolsVersion = 6.2;
						DevelopmentTeam = K8545XK74J;
					};
					E4C20DF81AB9A2EC00A911B5 = {
						CreatedOnToolsVersion = 6.2;
						TestTargetID = E4C20DE31AB9A2EC00A911B5;
					};
				};
			};
			buildConfigurationList = E4C20DDF1AB9A2EB00A911B5 /* Build configuration list for PBXProject "Wildlands" */;
			compatibilityVersion = "Xcode 3.2";
			developmentRegion = English;
			hasScannedForEncodings = 0;
			knownRegions = (
				Base,
				nl,
			);
			mainGroup = E4C20DDB1AB9A2EB00A911B5;
			productRefGroup = E4C20DE51AB9A2EC00A911B5 /* Products */;
			projectDirPath = "";
			projectRoot = "";
			targets = (
				E4C20DE31AB9A2EC00A911B5 /* Wildlands */,
				E4C20DF81AB9A2EC00A911B5 /* WildlandsTests */,
			);
		};
/* End PBXProject section */

/* Begin PBXResourcesBuildPhase section */
		E4C20DE21AB9A2EC00A911B5 /* Resources */ = {
			isa = PBXResourcesBuildPhase;
			buildActionMask = 2147483647;
			files = (
				E44FE91C1ADD3BFD006DD395 /* spot.png in Resources */,
				E4C84D521AEF8DB600A208EF /* speedletter-regular.ttf in Resources */,
				E4EEE6021AEF9E6100920E85 /* element-01-180.png in Resources */,
				E4EEE5FA1AEF9D9400920E85 /* element-06.png in Resources */,
				E44FE9261ADE7AF4006DD395 /* stenden-2.gpx in Resources */,
				E44FE90B1ADD2117006DD395 /* bushbush.png in Resources */,
				E4DEEB581AF11118002B6434 /* pinpoint-02.png in Resources */,
				E4EEE5FC1AEF9D9400920E85 /* element-08.png in Resources */,
				E4EEE5FE1AEF9D9400920E85 /* element-10.png in Resources */,
				E4DEEB481AF0DAE7002B6434 /* stroke_green.png in Resources */,
				E4EEE6101AEFB1A700920E85 /* element-16.png in Resources */,
				E44D75761AF3870000EC9D5E /* Water-header.png in Resources */,
				E4EEE5FD1AEF9D9400920E85 /* element-09.png in Resources */,
				E44FE9221ADE6A66006DD395 /* TestGPS.gpx in Resources */,
				E4EEE60E1AEFB1A700920E85 /* element-14.png in Resources */,
				E4C84D501AEF87E500A208EF /* wildlands-regular.ttf in Resources */,
				E44FE90C1ADD2117006DD395 /* iceicebaby.png in Resources */,
				E4C20DEF1AB9A2EC00A911B5 /* Main.storyboard in Resources */,
				E44D75751AF3870000EC9D5E /* Materiaal-header.png in Resources */,
				E44FE90D1ADD2117006DD395 /* kaart.jpg in Resources */,
				E4DEEB591AF11118002B6434 /* pinpoint-03.png in Resources */,
				E4DEEB441AF0D93E002B6434 /* backarrow.png in Resources */,
				E44FE90F1ADD2117006DD395 /* logo_wildlands.png in Resources */,
				E4EEE5FB1AEF9D9400920E85 /* element-07.png in Resources */,
				E4EEE6121AEFB1A700920E85 /* element-18.png in Resources */,
				E44FE90E1ADD2117006DD395 /* kaartView.jpg in Resources */,
				E44D75741AF3870000EC9D5E /* Bio Mimicry-header.png in Resources */,
				E4EEE5FF1AEF9D9400920E85 /* element-11.png in Resources */,
				E430E77A1AC1A4FE0036506D /* Localizable.strings in Resources */,
				E430E79C1AC408EA0036506D /* Roboto-Regular.ttf in Resources */,
				E4EEE6111AEFB1A700920E85 /* element-17.png in Resources */,
				E4EEE6131AEFB1A700920E85 /* element-19.png in Resources */,
				E4EEE6001AEF9D9400920E85 /* element-12.png in Resources */,
				E4EEE5F71AEF9D9400920E85 /* element-03.png in Resources */,
				E44D75821AF3879A00EC9D5E /* pinpoint-01.png in Resources */,
				E44FE9101ADD2117006DD395 /* olifanten.jpg in Resources */,
				E44FE9241ADE7880006DD395 /* stenden.gpx in Resources */,
				E4EEE5F51AEF9D9400920E85 /* element-01.png in Resources */,
				E44FE9081ADD2117006DD395 /* background.jpg in Resources */,
				E4C20DF41AB9A2EC00A911B5 /* LaunchScreen.xib in Resources */,
				E44FE91E1ADD4189006DD395 /* tempkaart.png in Resources */,
				E4EEE5F61AEF9D9400920E85 /* element-02.png in Resources */,
				E4EEE5F91AEF9D9400920E85 /* element-05.png in Resources */,
				E4C20DF11AB9A2EC00A911B5 /* Images.xcassets in Resources */,
				E4DEEB5A1AF11118002B6434 /* pinpoint-04.png in Resources */,
				E44D75801AF3876200EC9D5E /* Energie-close.png in Resources */,
				E44D757E1AF3876200EC9D5E /* Materiaal-close.png in Resources */,
				E4EEE60F1AEFB1A700920E85 /* element-15.png in Resources */,
				E44D757D1AF3876200EC9D5E /* Bio Mimicry-close.png in Resources */,
				E44D757F1AF3876200EC9D5E /* Water-close.png in Resources */,
				E4EEE5F81AEF9D9400920E85 /* element-04.png in Resources */,
				E44D75771AF3870000EC9D5E /* Energie-header.png in Resources */,
			);
			runOnlyForDeploymentPostprocessing = 0;
		};
		E4C20DF71AB9A2EC00A911B5 /* Resources */ = {
			isa = PBXResourcesBuildPhase;
			buildActionMask = 2147483647;
			files = (
			);
			runOnlyForDeploymentPostprocessing = 0;
		};
/* End PBXResourcesBuildPhase section */

/* Begin PBXShellScriptBuildPhase section */
		1470B21F1869D15D3DAB755A /* Copy Pods Resources */ = {
			isa = PBXShellScriptBuildPhase;
			buildActionMask = 2147483647;
			files = (
			);
			inputPaths = (
			);
			name = "Copy Pods Resources";
			outputPaths = (
			);
			runOnlyForDeploymentPostprocessing = 0;
			shellPath = /bin/sh;
			shellScript = "\"${SRCROOT}/Pods/Target Support Files/Pods-Wildlands/Pods-Wildlands-resources.sh\"\n";
			showEnvVarsInLog = 0;
		};
		486A274C6F7609FE9B19BCCA /* Embed Pods Frameworks */ = {
			isa = PBXShellScriptBuildPhase;
			buildActionMask = 2147483647;
			files = (
			);
			inputPaths = (
			);
			name = "Embed Pods Frameworks";
			outputPaths = (
			);
			runOnlyForDeploymentPostprocessing = 0;
			shellPath = /bin/sh;
			shellScript = "\"${SRCROOT}/Pods/Target Support Files/Pods-Wildlands/Pods-Wildlands-frameworks.sh\"\n";
			showEnvVarsInLog = 0;
		};
		87A542D829967AB97F3BC23C /* Check Pods Manifest.lock */ = {
			isa = PBXShellScriptBuildPhase;
			buildActionMask = 2147483647;
			files = (
			);
			inputPaths = (
			);
			name = "Check Pods Manifest.lock";
			outputPaths = (
			);
			runOnlyForDeploymentPostprocessing = 0;
			shellPath = /bin/sh;
			shellScript = "diff \"${PODS_ROOT}/../Podfile.lock\" \"${PODS_ROOT}/Manifest.lock\" > /dev/null\nif [[ $? != 0 ]] ; then\n    cat << EOM\nerror: The sandbox is not in sync with the Podfile.lock. Run 'pod install' or update your CocoaPods installation.\nEOM\n    exit 1\nfi\n";
			showEnvVarsInLog = 0;
		};
/* End PBXShellScriptBuildPhase section */

/* Begin PBXSourcesBuildPhase section */
		E4C20DE01AB9A2EC00A911B5 /* Sources */ = {
			isa = PBXSourcesBuildPhase;
			buildActionMask = 2147483647;
			files = (
				E48FD5511AE91E59000C1CFA /* ContentPage.swift in Sources */,
				E4EEE6041AEF9FC700920E85 /* StartViewController.swift in Sources */,
				E4C1903D1AE7A7ED00FC2800 /* ContentPageView.swift in Sources */,
				E4FD960E1AFFB6B7007EFB0A /* AnalogClockView.swift in Sources */,
				E4DEEB4C1AF0E8EE002B6434 /* JoinQuizViewController.swift in Sources */,
				E4DEEB421AF0D0C5002B6434 /* NoAnimationSegue.swift in Sources */,
				E430E7C61AC418CD0036506D /* MKAnnotationView+WebCache.m in Sources */,
				E430E7DA1AC41DA00036506D /* Utils.swift in Sources */,
				E4C190411AE7C4DD00FC2800 /* PopupView.swift in Sources */,
				E430E7751AC1A3540036506D /* JSONDownloader.swift in Sources */,
				E430E7CE1AC418CD0036506D /* SDWebImagePrefetcher.m in Sources */,
				E44FE8F41ADD20B1006DD395 /* Question.swift in Sources */,
				E430E7CD1AC418CD0036506D /* SDWebImageManager.m in Sources */,
				E4627FF61ABAE1CD003B9229 /* Colors.swift in Sources */,
				E430E7D41AC418CD0036506D /* UIImageView+WebCache.m in Sources */,
				E4DEEB501AF0F902002B6434 /* GenerateQuizViewController.swift in Sources */,
				E4DEEB4A1AF0E201002B6434 /* QuizChooseViewController.swift in Sources */,
				E44FE8F11ADD1F73006DD395 /* WildlandsGPS.swift in Sources */,
				E4DEEB521AF106DA002B6434 /* FadeTransitionSegue.swift in Sources */,
				E430E7C91AC418CD0036506D /* SDWebImageCompat.m in Sources */,
				E4C20E0C1AB9AA2900A911B5 /* QuizViewController.swift in Sources */,
				E4A6406C1B028BD0003E2CEC /* QuizDidEndViewController.swift in Sources */,
				E4FD960D1AFFB6B7007EFB0A /* AnalogClockHandView.swift in Sources */,
				E4B6E6711AEA4D1D0033CD3A /* ChooseSubjectViewController.swift in Sources */,
				E430E7CA1AC418CD0036506D /* SDWebImageDecoder.m in Sources */,
				E430E7D11AC418CD0036506D /* UIImage+MultiFormat.m in Sources */,
				E430E7D21AC418CD0036506D /* UIImage+WebP.m in Sources */,
				E430E7CC1AC418CD0036506D /* SDWebImageDownloaderOperation.m in Sources */,
				E430E7D51AC418CD0036506D /* UIView+WebCacheOperation.m in Sources */,
				E4FAE6CB1B01F9490061F9D1 /* QuizScoreViewController.swift in Sources */,
				E430E7CB1AC418CD0036506D /* SDWebImageDownloader.m in Sources */,
				E430E7D01AC418CD0036506D /* UIImage+GIF.m in Sources */,
				E4C20DEA1AB9A2EC00A911B5 /* AppDelegate.swift in Sources */,
				E430E79E1AC409550036506D /* Fonts.swift in Sources */,
				E430E7671AC17D7C0036506D /* KaartViewController.swift in Sources */,
				E430E7D31AC418CD0036506D /* UIImageView+HighlightedWebCache.m in Sources */,
				E495EB3A1B00D37000C136C7 /* QuizBeforeStartViewController.swift in Sources */,
				E4C20E0E1AB9AAF600A911B5 /* Answer.swift in Sources */,
				E430E7C81AC418CD0036506D /* SDImageCache.m in Sources */,
				E4FAE6CD1B0216CB0061F9D1 /* QuizSendScoreViewController.swift in Sources */,
				E430E7CF1AC418CD0036506D /* UIButton+WebCache.m in Sources */,
				E430E7C71AC418CD0036506D /* NSData+ImageContentType.m in Sources */,
				E4EEE6061AEFA42200920E85 /* WildlandsButton.swift in Sources */,
				E4DEEB4E1AF0F4A4002B6434 /* WaitForQuizStartViewController.swift in Sources */,
				E44D75841AF3A7C400EC9D5E /* DownloadViewController.swift in Sources */,
				E430E76B1AC18E9E0036506D /* Pinpoint.swift in Sources */,
			);
			runOnlyForDeploymentPostprocessing = 0;
		};
		E4C20DF51AB9A2EC00A911B5 /* Sources */ = {
			isa = PBXSourcesBuildPhase;
			buildActionMask = 2147483647;
			files = (
				E4C20E001AB9A2EC00A911B5 /* WildlandsTests.swift in Sources */,
			);
			runOnlyForDeploymentPostprocessing = 0;
		};
/* End PBXSourcesBuildPhase section */

/* Begin PBXTargetDependency section */
		E4C20DFB1AB9A2EC00A911B5 /* PBXTargetDependency */ = {
			isa = PBXTargetDependency;
			target = E4C20DE31AB9A2EC00A911B5 /* Wildlands */;
			targetProxy = E4C20DFA1AB9A2EC00A911B5 /* PBXContainerItemProxy */;
		};
/* End PBXTargetDependency section */

/* Begin PBXVariantGroup section */
		E430E77C1AC1A4FE0036506D /* Localizable.strings */ = {
			isa = PBXVariantGroup;
			children = (
				E430E77B1AC1A4FE0036506D /* Base */,
				E430E77D1AC1A4FF0036506D /* nl */,
			);
			name = Localizable.strings;
			sourceTree = "<group>";
		};
		E4C20DED1AB9A2EC00A911B5 /* Main.storyboard */ = {
			isa = PBXVariantGroup;
			children = (
				E4C20DEE1AB9A2EC00A911B5 /* Base */,
				E430E7761AC1A3D70036506D /* nl */,
			);
			name = Main.storyboard;
			sourceTree = "<group>";
		};
		E4C20DF21AB9A2EC00A911B5 /* LaunchScreen.xib */ = {
			isa = PBXVariantGroup;
			children = (
				E4C20DF31AB9A2EC00A911B5 /* Base */,
				E430E7771AC1A3D70036506D /* nl */,
			);
			name = LaunchScreen.xib;
			sourceTree = "<group>";
		};
/* End PBXVariantGroup section */

/* Begin XCBuildConfiguration section */
		E4C20E011AB9A2EC00A911B5 /* Debug */ = {
			isa = XCBuildConfiguration;
			buildSettings = {
				ALWAYS_SEARCH_USER_PATHS = NO;
				CLANG_CXX_LANGUAGE_STANDARD = "gnu++0x";
				CLANG_CXX_LIBRARY = "libc++";
				CLANG_ENABLE_MODULES = YES;
				CLANG_ENABLE_OBJC_ARC = YES;
				CLANG_WARN_BOOL_CONVERSION = YES;
				CLANG_WARN_CONSTANT_CONVERSION = YES;
				CLANG_WARN_DIRECT_OBJC_ISA_USAGE = YES_ERROR;
				CLANG_WARN_EMPTY_BODY = YES;
				CLANG_WARN_ENUM_CONVERSION = YES;
				CLANG_WARN_INT_CONVERSION = YES;
				CLANG_WARN_OBJC_ROOT_CLASS = YES_ERROR;
				CLANG_WARN_UNREACHABLE_CODE = YES;
				CLANG_WARN__DUPLICATE_METHOD_MATCH = YES;
				"CODE_SIGN_IDENTITY[sdk=iphoneos*]" = "iPhone Developer";
				COPY_PHASE_STRIP = NO;
				ENABLE_STRICT_OBJC_MSGSEND = YES;
				GCC_C_LANGUAGE_STANDARD = gnu99;
				GCC_DYNAMIC_NO_PIC = NO;
				GCC_OPTIMIZATION_LEVEL = 0;
				GCC_PREPROCESSOR_DEFINITIONS = (
					"DEBUG=1",
					"$(inherited)",
				);
				GCC_SYMBOLS_PRIVATE_EXTERN = NO;
				GCC_WARN_64_TO_32_BIT_CONVERSION = YES;
				GCC_WARN_ABOUT_RETURN_TYPE = YES_ERROR;
				GCC_WARN_UNDECLARED_SELECTOR = YES;
				GCC_WARN_UNINITIALIZED_AUTOS = YES_AGGRESSIVE;
				GCC_WARN_UNUSED_FUNCTION = YES;
				GCC_WARN_UNUSED_VARIABLE = YES;
				IPHONEOS_DEPLOYMENT_TARGET = 8.0;
				MTL_ENABLE_DEBUG_INFO = YES;
				ONLY_ACTIVE_ARCH = YES;
				SDKROOT = iphoneos;
				SWIFT_OPTIMIZATION_LEVEL = "-Onone";
			};
			name = Debug;
		};
		E4C20E021AB9A2EC00A911B5 /* Release */ = {
			isa = XCBuildConfiguration;
			buildSettings = {
				ALWAYS_SEARCH_USER_PATHS = NO;
				CLANG_CXX_LANGUAGE_STANDARD = "gnu++0x";
				CLANG_CXX_LIBRARY = "libc++";
				CLANG_ENABLE_MODULES = YES;
				CLANG_ENABLE_OBJC_ARC = YES;
				CLANG_WARN_BOOL_CONVERSION = YES;
				CLANG_WARN_CONSTANT_CONVERSION = YES;
				CLANG_WARN_DIRECT_OBJC_ISA_USAGE = YES_ERROR;
				CLANG_WARN_EMPTY_BODY = YES;
				CLANG_WARN_ENUM_CONVERSION = YES;
				CLANG_WARN_INT_CONVERSION = YES;
				CLANG_WARN_OBJC_ROOT_CLASS = YES_ERROR;
				CLANG_WARN_UNREACHABLE_CODE = YES;
				CLANG_WARN__DUPLICATE_METHOD_MATCH = YES;
				"CODE_SIGN_IDENTITY[sdk=iphoneos*]" = "iPhone Developer";
				COPY_PHASE_STRIP = NO;
				ENABLE_NS_ASSERTIONS = NO;
				ENABLE_STRICT_OBJC_MSGSEND = YES;
				GCC_C_LANGUAGE_STANDARD = gnu99;
				GCC_WARN_64_TO_32_BIT_CONVERSION = YES;
				GCC_WARN_ABOUT_RETURN_TYPE = YES_ERROR;
				GCC_WARN_UNDECLARED_SELECTOR = YES;
				GCC_WARN_UNINITIALIZED_AUTOS = YES_AGGRESSIVE;
				GCC_WARN_UNUSED_FUNCTION = YES;
				GCC_WARN_UNUSED_VARIABLE = YES;
				IPHONEOS_DEPLOYMENT_TARGET = 8.0;
				MTL_ENABLE_DEBUG_INFO = NO;
				SDKROOT = iphoneos;
				VALIDATE_PRODUCT = YES;
			};
			name = Release;
		};
		E4C20E041AB9A2EC00A911B5 /* Debug */ = {
			isa = XCBuildConfiguration;
			baseConfigurationReference = 4E5E0BD42386D9869A092966 /* Pods-Wildlands.debug.xcconfig */;
			buildSettings = {
				ASSETCATALOG_COMPILER_APPICON_NAME = AppIcon;
				ASSETCATALOG_COMPILER_LAUNCHIMAGE_NAME = LaunchImage;
				CODE_SIGN_IDENTITY = "iPhone Developer";
				"CODE_SIGN_IDENTITY[sdk=iphoneos*]" = "iPhone Developer";
				INFOPLIST_FILE = Wildlands/Info.plist;
				IPHONEOS_DEPLOYMENT_TARGET = 8.0;
				LD_RUNPATH_SEARCH_PATHS = "$(inherited) @executable_path/Frameworks";
				OTHER_LDFLAGS = "-ObjC";
				PRODUCT_NAME = "$(TARGET_NAME)";
				PROVISIONING_PROFILE = "";
				SWIFT_OBJC_BRIDGING_HEADER = "$(SRCROOT)/Wildlands/Bridging.h";
			};
			name = Debug;
		};
		E4C20E051AB9A2EC00A911B5 /* Release */ = {
			isa = XCBuildConfiguration;
			baseConfigurationReference = 69867EA9EFE0C4C6D1D1BE2B /* Pods-Wildlands.release.xcconfig */;
			buildSettings = {
				ASSETCATALOG_COMPILER_APPICON_NAME = AppIcon;
				ASSETCATALOG_COMPILER_LAUNCHIMAGE_NAME = LaunchImage;
				CODE_SIGN_IDENTITY = "iPhone Developer";
				"CODE_SIGN_IDENTITY[sdk=iphoneos*]" = "iPhone Developer";
				INFOPLIST_FILE = Wildlands/Info.plist;
				IPHONEOS_DEPLOYMENT_TARGET = 8.0;
				LD_RUNPATH_SEARCH_PATHS = "$(inherited) @executable_path/Frameworks";
				OTHER_LDFLAGS = "-ObjC";
				PRODUCT_NAME = "$(TARGET_NAME)";
				PROVISIONING_PROFILE = "";
				SWIFT_OBJC_BRIDGING_HEADER = "$(SRCROOT)/Wildlands/Bridging.h";
			};
			name = Release;
		};
		E4C20E071AB9A2EC00A911B5 /* Debug */ = {
			isa = XCBuildConfiguration;
			buildSettings = {
				BUNDLE_LOADER = "$(TEST_HOST)";
				FRAMEWORK_SEARCH_PATHS = (
					"$(SDKROOT)/Developer/Library/Frameworks",
					"$(inherited)",
				);
				GCC_PREPROCESSOR_DEFINITIONS = (
					"DEBUG=1",
					"$(inherited)",
				);
				INFOPLIST_FILE = WildlandsTests/Info.plist;
				LD_RUNPATH_SEARCH_PATHS = "$(inherited) @executable_path/Frameworks @loader_path/Frameworks";
				PRODUCT_NAME = "$(TARGET_NAME)";
				TEST_HOST = "$(BUILT_PRODUCTS_DIR)/Wildlands.app/Wildlands";
			};
			name = Debug;
		};
		E4C20E081AB9A2EC00A911B5 /* Release */ = {
			isa = XCBuildConfiguration;
			buildSettings = {
				BUNDLE_LOADER = "$(TEST_HOST)";
				FRAMEWORK_SEARCH_PATHS = (
					"$(SDKROOT)/Developer/Library/Frameworks",
					"$(inherited)",
				);
				INFOPLIST_FILE = WildlandsTests/Info.plist;
				LD_RUNPATH_SEARCH_PATHS = "$(inherited) @executable_path/Frameworks @loader_path/Frameworks";
				PRODUCT_NAME = "$(TARGET_NAME)";
				TEST_HOST = "$(BUILT_PRODUCTS_DIR)/Wildlands.app/Wildlands";
			};
			name = Release;
		};
/* End XCBuildConfiguration section */

/* Begin XCConfigurationList section */
		E4C20DDF1AB9A2EB00A911B5 /* Build configuration list for PBXProject "Wildlands" */ = {
			isa = XCConfigurationList;
			buildConfigurations = (
				E4C20E011AB9A2EC00A911B5 /* Debug */,
				E4C20E021AB9A2EC00A911B5 /* Release */,
			);
			defaultConfigurationIsVisible = 0;
			defaultConfigurationName = Release;
		};
		E4C20E031AB9A2EC00A911B5 /* Build configuration list for PBXNativeTarget "Wildlands" */ = {
			isa = XCConfigurationList;
			buildConfigurations = (
				E4C20E041AB9A2EC00A911B5 /* Debug */,
				E4C20E051AB9A2EC00A911B5 /* Release */,
			);
			defaultConfigurationIsVisible = 0;
			defaultConfigurationName = Release;
		};
		E4C20E061AB9A2EC00A911B5 /* Build configuration list for PBXNativeTarget "WildlandsTests" */ = {
			isa = XCConfigurationList;
			buildConfigurations = (
				E4C20E071AB9A2EC00A911B5 /* Debug */,
				E4C20E081AB9A2EC00A911B5 /* Release */,
			);
			defaultConfigurationIsVisible = 0;
			defaultConfigurationName = Release;
		};
/* End XCConfigurationList section */
	};
	rootObject = E4C20DDC1AB9A2EB00A911B5 /* Project object */;
}
